// !$*UTF8*$!
{
	archiveVersion = 1;
	classes = {
	};
	objectVersion = 56;
	objects = {

/* Begin PBXBuildFile section */
		1427E4F62C5A5D9A00E8D2DA /* GoogleService-Info.plist in Resources */ = {isa = PBXBuildFile; fileRef = 1427E4F52C5A5D9A00E8D2DA /* GoogleService-Info.plist */; };
		1427E4F82C5A6CF300E8D2DA /* Sidebar.swift in Sources */ = {isa = PBXBuildFile; fileRef = 1427E4F72C5A6CF300E8D2DA /* Sidebar.swift */; };
		1427E4FA2C5A6D3500E8D2DA /* ItemGroup.swift in Sources */ = {isa = PBXBuildFile; fileRef = 1427E4F92C5A6D3500E8D2DA /* ItemGroup.swift */; };
		1427E4FC2C5A6D5D00E8D2DA /* Item.swift in Sources */ = {isa = PBXBuildFile; fileRef = 1427E4FB2C5A6D5D00E8D2DA /* Item.swift */; };
		1427E4FE2C5A6E4C00E8D2DA /* SidebarView.swift in Sources */ = {isa = PBXBuildFile; fileRef = 1427E4FD2C5A6E4C00E8D2DA /* SidebarView.swift */; };
		1427E5002C5A6EA400E8D2DA /* SidebarHeader.swift in Sources */ = {isa = PBXBuildFile; fileRef = 1427E4FF2C5A6EA400E8D2DA /* SidebarHeader.swift */; };
		1427E5022C5A6F8F00E8D2DA /* SidebarButton.swift in Sources */ = {isa = PBXBuildFile; fileRef = 1427E5012C5A6F8F00E8D2DA /* SidebarButton.swift */; };
		1427E5042C5A704700E8D2DA /* ItemGroupView.swift in Sources */ = {isa = PBXBuildFile; fileRef = 1427E5032C5A704700E8D2DA /* ItemGroupView.swift */; };
		1427E5062C5A70BB00E8D2DA /* ItemGroupHeader.swift in Sources */ = {isa = PBXBuildFile; fileRef = 1427E5052C5A70BB00E8D2DA /* ItemGroupHeader.swift */; };
		1427E5082C5A717200E8D2DA /* Extensions.swift in Sources */ = {isa = PBXBuildFile; fileRef = 1427E5072C5A717200E8D2DA /* Extensions.swift */; };
		1427E50A2C5A731400E8D2DA /* Translucency.swift in Sources */ = {isa = PBXBuildFile; fileRef = 1427E5092C5A731400E8D2DA /* Translucency.swift */; };
		1427E50C2C5A735E00E8D2DA /* TranslucentView.swift in Sources */ = {isa = PBXBuildFile; fileRef = 1427E50B2C5A735E00E8D2DA /* TranslucentView.swift */; };
		1427E50E2C5A740400E8D2DA /* MacSize.swift in Sources */ = {isa = PBXBuildFile; fileRef = 1427E50D2C5A740400E8D2DA /* MacSize.swift */; };
		1427E5102C5A749900E8D2DA /* SidebarSelection.swift in Sources */ = {isa = PBXBuildFile; fileRef = 1427E50F2C5A749900E8D2DA /* SidebarSelection.swift */; };
		1427E5122C5A751200E8D2DA /* SidebarItem.swift in Sources */ = {isa = PBXBuildFile; fileRef = 1427E5112C5A751200E8D2DA /* SidebarItem.swift */; };
		1427E5142C5A754E00E8D2DA /* SidebarIcon.swift in Sources */ = {isa = PBXBuildFile; fileRef = 1427E5132C5A754E00E8D2DA /* SidebarIcon.swift */; };
		147ED41E2C57B7EE008D4C04 /* PontoDeskApp.swift in Sources */ = {isa = PBXBuildFile; fileRef = 147ED41D2C57B7EE008D4C04 /* PontoDeskApp.swift */; };
		147ED4202C57B7EE008D4C04 /* ContentView.swift in Sources */ = {isa = PBXBuildFile; fileRef = 147ED41F2C57B7EE008D4C04 /* ContentView.swift */; };
		147ED4222C57B7F0008D4C04 /* Assets.xcassets in Resources */ = {isa = PBXBuildFile; fileRef = 147ED4212C57B7F0008D4C04 /* Assets.xcassets */; };
		147ED4252C57B7F0008D4C04 /* Preview Assets.xcassets in Resources */ = {isa = PBXBuildFile; fileRef = 147ED4242C57B7F0008D4C04 /* Preview Assets.xcassets */; };
		147ED4302C57B7F0008D4C04 /* PontoDeskTests.swift in Sources */ = {isa = PBXBuildFile; fileRef = 147ED42F2C57B7F0008D4C04 /* PontoDeskTests.swift */; };
		147ED43A2C57B7F0008D4C04 /* PontoDeskUITests.swift in Sources */ = {isa = PBXBuildFile; fileRef = 147ED4392C57B7F0008D4C04 /* PontoDeskUITests.swift */; };
		147ED43C2C57B7F0008D4C04 /* PontoDeskUITestsLaunchTests.swift in Sources */ = {isa = PBXBuildFile; fileRef = 147ED43B2C57B7F0008D4C04 /* PontoDeskUITestsLaunchTests.swift */; };
		14EB74692C5912A60006B201 /* FirebaseAnalytics in Frameworks */ = {isa = PBXBuildFile; productRef = 14EB74682C5912A60006B201 /* FirebaseAnalytics */; };
		14EB746B2C5912A60006B201 /* FirebaseAnalyticsOnDeviceConversion in Frameworks */ = {isa = PBXBuildFile; productRef = 14EB746A2C5912A60006B201 /* FirebaseAnalyticsOnDeviceConversion */; };
		14EB746D2C5912A60006B201 /* FirebaseAnalyticsSwift in Frameworks */ = {isa = PBXBuildFile; productRef = 14EB746C2C5912A60006B201 /* FirebaseAnalyticsSwift */; };
		14EB746F2C5912A60006B201 /* FirebaseAnalyticsWithoutAdIdSupport in Frameworks */ = {isa = PBXBuildFile; productRef = 14EB746E2C5912A60006B201 /* FirebaseAnalyticsWithoutAdIdSupport */; };
		14EB74712C5912A60006B201 /* FirebaseAppCheck in Frameworks */ = {isa = PBXBuildFile; productRef = 14EB74702C5912A60006B201 /* FirebaseAppCheck */; };
		14EB74752C5912A60006B201 /* FirebaseAuth in Frameworks */ = {isa = PBXBuildFile; productRef = 14EB74742C5912A60006B201 /* FirebaseAuth */; };
		14EB74792C5912A60006B201 /* FirebaseCrashlytics in Frameworks */ = {isa = PBXBuildFile; productRef = 14EB74782C5912A60006B201 /* FirebaseCrashlytics */; };
		14EB747B2C5912A60006B201 /* FirebaseDatabase in Frameworks */ = {isa = PBXBuildFile; productRef = 14EB747A2C5912A60006B201 /* FirebaseDatabase */; };
		14EB747D2C5912A60006B201 /* FirebaseDatabaseSwift in Frameworks */ = {isa = PBXBuildFile; productRef = 14EB747C2C5912A60006B201 /* FirebaseDatabaseSwift */; };
		14EB747F2C5912A60006B201 /* FirebaseDynamicLinks in Frameworks */ = {isa = PBXBuildFile; productRef = 14EB747E2C5912A60006B201 /* FirebaseDynamicLinks */; };
		14EB74812C5912A60006B201 /* FirebaseFirestore in Frameworks */ = {isa = PBXBuildFile; productRef = 14EB74802C5912A60006B201 /* FirebaseFirestore */; };
		14EB74852C5912A60006B201 /* FirebaseFirestoreSwift in Frameworks */ = {isa = PBXBuildFile; productRef = 14EB74842C5912A60006B201 /* FirebaseFirestoreSwift */; };
		14EB74872C5912A60006B201 /* FirebaseFunctions in Frameworks */ = {isa = PBXBuildFile; productRef = 14EB74862C5912A60006B201 /* FirebaseFunctions */; };
		14EB748F2C5912A60006B201 /* FirebaseInstallations in Frameworks */ = {isa = PBXBuildFile; productRef = 14EB748E2C5912A60006B201 /* FirebaseInstallations */; };
		14EB74932C5912A60006B201 /* FirebaseMessaging in Frameworks */ = {isa = PBXBuildFile; productRef = 14EB74922C5912A60006B201 /* FirebaseMessaging */; };
		14EB74952C5912A60006B201 /* FirebasePerformance in Frameworks */ = {isa = PBXBuildFile; productRef = 14EB74942C5912A60006B201 /* FirebasePerformance */; };
		14EB74972C5912A60006B201 /* FirebaseRemoteConfig in Frameworks */ = {isa = PBXBuildFile; productRef = 14EB74962C5912A60006B201 /* FirebaseRemoteConfig */; };
		14EB74992C5912A60006B201 /* FirebaseRemoteConfigSwift in Frameworks */ = {isa = PBXBuildFile; productRef = 14EB74982C5912A60006B201 /* FirebaseRemoteConfigSwift */; };
		14EB749B2C5912A60006B201 /* FirebaseStorage in Frameworks */ = {isa = PBXBuildFile; productRef = 14EB749A2C5912A60006B201 /* FirebaseStorage */; };
/* End PBXBuildFile section */

/* Begin PBXContainerItemProxy section */
		147ED42C2C57B7F0008D4C04 /* PBXContainerItemProxy */ = {
			isa = PBXContainerItemProxy;
			containerPortal = 147ED4122C57B7EE008D4C04 /* Project object */;
			proxyType = 1;
			remoteGlobalIDString = 147ED4192C57B7EE008D4C04;
			remoteInfo = PontoDesk;
		};
		147ED4362C57B7F0008D4C04 /* PBXContainerItemProxy */ = {
			isa = PBXContainerItemProxy;
			containerPortal = 147ED4122C57B7EE008D4C04 /* Project object */;
			proxyType = 1;
			remoteGlobalIDString = 147ED4192C57B7EE008D4C04;
			remoteInfo = PontoDesk;
		};
/* End PBXContainerItemProxy section */

/* Begin PBXFileReference section */
		1427E4F52C5A5D9A00E8D2DA /* GoogleService-Info.plist */ = {isa = PBXFileReference; fileEncoding = 4; lastKnownFileType = text.plist.xml; path = "GoogleService-Info.plist"; sourceTree = "<group>"; };
		1427E4F72C5A6CF300E8D2DA /* Sidebar.swift */ = {isa = PBXFileReference; lastKnownFileType = sourcecode.swift; path = Sidebar.swift; sourceTree = "<group>"; };
		1427E4F92C5A6D3500E8D2DA /* ItemGroup.swift */ = {isa = PBXFileReference; lastKnownFileType = sourcecode.swift; path = ItemGroup.swift; sourceTree = "<group>"; };
		1427E4FB2C5A6D5D00E8D2DA /* Item.swift */ = {isa = PBXFileReference; lastKnownFileType = sourcecode.swift; path = Item.swift; sourceTree = "<group>"; };
		1427E4FD2C5A6E4C00E8D2DA /* SidebarView.swift */ = {isa = PBXFileReference; lastKnownFileType = sourcecode.swift; path = SidebarView.swift; sourceTree = "<group>"; };
		1427E4FF2C5A6EA400E8D2DA /* SidebarHeader.swift */ = {isa = PBXFileReference; lastKnownFileType = sourcecode.swift; path = SidebarHeader.swift; sourceTree = "<group>"; };
		1427E5012C5A6F8F00E8D2DA /* SidebarButton.swift */ = {isa = PBXFileReference; lastKnownFileType = sourcecode.swift; path = SidebarButton.swift; sourceTree = "<group>"; };
		1427E5032C5A704700E8D2DA /* ItemGroupView.swift */ = {isa = PBXFileReference; lastKnownFileType = sourcecode.swift; path = ItemGroupView.swift; sourceTree = "<group>"; };
		1427E5052C5A70BB00E8D2DA /* ItemGroupHeader.swift */ = {isa = PBXFileReference; lastKnownFileType = sourcecode.swift; path = ItemGroupHeader.swift; sourceTree = "<group>"; };
		1427E5072C5A717200E8D2DA /* Extensions.swift */ = {isa = PBXFileReference; lastKnownFileType = sourcecode.swift; path = Extensions.swift; sourceTree = "<group>"; };
		1427E5092C5A731400E8D2DA /* Translucency.swift */ = {isa = PBXFileReference; lastKnownFileType = sourcecode.swift; path = Translucency.swift; sourceTree = "<group>"; };
		1427E50B2C5A735E00E8D2DA /* TranslucentView.swift */ = {isa = PBXFileReference; lastKnownFileType = sourcecode.swift; path = TranslucentView.swift; sourceTree = "<group>"; };
		1427E50D2C5A740400E8D2DA /* MacSize.swift */ = {isa = PBXFileReference; lastKnownFileType = sourcecode.swift; path = MacSize.swift; sourceTree = "<group>"; };
		1427E50F2C5A749900E8D2DA /* SidebarSelection.swift */ = {isa = PBXFileReference; lastKnownFileType = sourcecode.swift; path = SidebarSelection.swift; sourceTree = "<group>"; };
		1427E5112C5A751200E8D2DA /* SidebarItem.swift */ = {isa = PBXFileReference; lastKnownFileType = sourcecode.swift; path = SidebarItem.swift; sourceTree = "<group>"; };
		1427E5132C5A754E00E8D2DA /* SidebarIcon.swift */ = {isa = PBXFileReference; lastKnownFileType = sourcecode.swift; path = SidebarIcon.swift; sourceTree = "<group>"; };
		147ED41A2C57B7EE008D4C04 /* PontoDesk.app */ = {isa = PBXFileReference; explicitFileType = wrapper.application; includeInIndex = 0; path = PontoDesk.app; sourceTree = BUILT_PRODUCTS_DIR; };
		147ED41D2C57B7EE008D4C04 /* PontoDeskApp.swift */ = {isa = PBXFileReference; lastKnownFileType = sourcecode.swift; path = PontoDeskApp.swift; sourceTree = "<group>"; };
		147ED41F2C57B7EE008D4C04 /* ContentView.swift */ = {isa = PBXFileReference; lastKnownFileType = sourcecode.swift; path = ContentView.swift; sourceTree = "<group>"; };
		147ED4212C57B7F0008D4C04 /* Assets.xcassets */ = {isa = PBXFileReference; lastKnownFileType = folder.assetcatalog; path = Assets.xcassets; sourceTree = "<group>"; };
		147ED4242C57B7F0008D4C04 /* Preview Assets.xcassets */ = {isa = PBXFileReference; lastKnownFileType = folder.assetcatalog; path = "Preview Assets.xcassets"; sourceTree = "<group>"; };
		147ED4262C57B7F0008D4C04 /* PontoDesk.entitlements */ = {isa = PBXFileReference; lastKnownFileType = text.plist.entitlements; path = PontoDesk.entitlements; sourceTree = "<group>"; };
		147ED42B2C57B7F0008D4C04 /* PontoDeskTests.xctest */ = {isa = PBXFileReference; explicitFileType = wrapper.cfbundle; includeInIndex = 0; path = PontoDeskTests.xctest; sourceTree = BUILT_PRODUCTS_DIR; };
		147ED42F2C57B7F0008D4C04 /* PontoDeskTests.swift */ = {isa = PBXFileReference; lastKnownFileType = sourcecode.swift; path = PontoDeskTests.swift; sourceTree = "<group>"; };
		147ED4352C57B7F0008D4C04 /* PontoDeskUITests.xctest */ = {isa = PBXFileReference; explicitFileType = wrapper.cfbundle; includeInIndex = 0; path = PontoDeskUITests.xctest; sourceTree = BUILT_PRODUCTS_DIR; };
		147ED4392C57B7F0008D4C04 /* PontoDeskUITests.swift */ = {isa = PBXFileReference; lastKnownFileType = sourcecode.swift; path = PontoDeskUITests.swift; sourceTree = "<group>"; };
		147ED43B2C57B7F0008D4C04 /* PontoDeskUITestsLaunchTests.swift */ = {isa = PBXFileReference; lastKnownFileType = sourcecode.swift; path = PontoDeskUITestsLaunchTests.swift; sourceTree = "<group>"; };
		14EB74A22C5919150006B201 /* Info.plist */ = {isa = PBXFileReference; lastKnownFileType = text.plist; path = Info.plist; sourceTree = "<group>"; };
/* End PBXFileReference section */

/* Begin PBXFrameworksBuildPhase section */
		147ED4172C57B7EE008D4C04 /* Frameworks */ = {
			isa = PBXFrameworksBuildPhase;
			buildActionMask = 2147483647;
			files = (
				14EB747B2C5912A60006B201 /* FirebaseDatabase in Frameworks */,
				14EB74812C5912A60006B201 /* FirebaseFirestore in Frameworks */,
				14EB746D2C5912A60006B201 /* FirebaseAnalyticsSwift in Frameworks */,
				14EB74692C5912A60006B201 /* FirebaseAnalytics in Frameworks */,
				14EB746B2C5912A60006B201 /* FirebaseAnalyticsOnDeviceConversion in Frameworks */,
				14EB74852C5912A60006B201 /* FirebaseFirestoreSwift in Frameworks */,
				14EB74712C5912A60006B201 /* FirebaseAppCheck in Frameworks */,
				14EB746F2C5912A60006B201 /* FirebaseAnalyticsWithoutAdIdSupport in Frameworks */,
				14EB74752C5912A60006B201 /* FirebaseAuth in Frameworks */,
				14EB74792C5912A60006B201 /* FirebaseCrashlytics in Frameworks */,
				14EB74992C5912A60006B201 /* FirebaseRemoteConfigSwift in Frameworks */,
				14EB747D2C5912A60006B201 /* FirebaseDatabaseSwift in Frameworks */,
				14EB74872C5912A60006B201 /* FirebaseFunctions in Frameworks */,
				14EB74972C5912A60006B201 /* FirebaseRemoteConfig in Frameworks */,
				14EB74952C5912A60006B201 /* FirebasePerformance in Frameworks */,
				14EB749B2C5912A60006B201 /* FirebaseStorage in Frameworks */,
				14EB747F2C5912A60006B201 /* FirebaseDynamicLinks in Frameworks */,
				14EB74932C5912A60006B201 /* FirebaseMessaging in Frameworks */,
				14EB748F2C5912A60006B201 /* FirebaseInstallations in Frameworks */,
			);
			runOnlyForDeploymentPostprocessing = 0;
		};
		147ED4282C57B7F0008D4C04 /* Frameworks */ = {
			isa = PBXFrameworksBuildPhase;
			buildActionMask = 2147483647;
			files = (
			);
			runOnlyForDeploymentPostprocessing = 0;
		};
		147ED4322C57B7F0008D4C04 /* Frameworks */ = {
			isa = PBXFrameworksBuildPhase;
			buildActionMask = 2147483647;
			files = (
			);
			runOnlyForDeploymentPostprocessing = 0;
		};
/* End PBXFrameworksBuildPhase section */

/* Begin PBXGroup section */
		147ED4112C57B7EE008D4C04 = {
			isa = PBXGroup;
			children = (
				147ED41C2C57B7EE008D4C04 /* PontoDesk */,
				147ED42E2C57B7F0008D4C04 /* PontoDeskTests */,
				147ED4382C57B7F0008D4C04 /* PontoDeskUITests */,
				147ED41B2C57B7EE008D4C04 /* Products */,
			);
			sourceTree = "<group>";
		};
		147ED41B2C57B7EE008D4C04 /* Products */ = {
			isa = PBXGroup;
			children = (
				147ED41A2C57B7EE008D4C04 /* PontoDesk.app */,
				147ED42B2C57B7F0008D4C04 /* PontoDeskTests.xctest */,
				147ED4352C57B7F0008D4C04 /* PontoDeskUITests.xctest */,
			);
			name = Products;
			sourceTree = "<group>";
		};
		147ED41C2C57B7EE008D4C04 /* PontoDesk */ = {
			isa = PBXGroup;
			children = (
				14EB74A22C5919150006B201 /* Info.plist */,
				147ED41D2C57B7EE008D4C04 /* PontoDeskApp.swift */,
				147ED41F2C57B7EE008D4C04 /* ContentView.swift */,
				1427E4F72C5A6CF300E8D2DA /* Sidebar.swift */,
				1427E4FD2C5A6E4C00E8D2DA /* SidebarView.swift */,
				1427E4F92C5A6D3500E8D2DA /* ItemGroup.swift */,
				1427E5032C5A704700E8D2DA /* ItemGroupView.swift */,
				1427E4FF2C5A6EA400E8D2DA /* SidebarHeader.swift */,
				1427E50F2C5A749900E8D2DA /* SidebarSelection.swift */,
				1427E5092C5A731400E8D2DA /* Translucency.swift */,
				1427E50D2C5A740400E8D2DA /* MacSize.swift */,
				1427E50B2C5A735E00E8D2DA /* TranslucentView.swift */,
				1427E5052C5A70BB00E8D2DA /* ItemGroupHeader.swift */,
				1427E5072C5A717200E8D2DA /* Extensions.swift */,
				1427E5012C5A6F8F00E8D2DA /* SidebarButton.swift */,
				1427E4FB2C5A6D5D00E8D2DA /* Item.swift */,
				1427E5132C5A754E00E8D2DA /* SidebarIcon.swift */,
				1427E5112C5A751200E8D2DA /* SidebarItem.swift */,
				147ED4212C57B7F0008D4C04 /* Assets.xcassets */,
				147ED4262C57B7F0008D4C04 /* PontoDesk.entitlements */,
				1427E4F52C5A5D9A00E8D2DA /* GoogleService-Info.plist */,
				147ED4232C57B7F0008D4C04 /* Preview Content */,
			);
			path = PontoDesk;
			sourceTree = "<group>";
		};
		147ED4232C57B7F0008D4C04 /* Preview Content */ = {
			isa = PBXGroup;
			children = (
				147ED4242C57B7F0008D4C04 /* Preview Assets.xcassets */,
			);
			path = "Preview Content";
			sourceTree = "<group>";
		};
		147ED42E2C57B7F0008D4C04 /* PontoDeskTests */ = {
			isa = PBXGroup;
			children = (
				147ED42F2C57B7F0008D4C04 /* PontoDeskTests.swift */,
			);
			path = PontoDeskTests;
			sourceTree = "<group>";
		};
		147ED4382C57B7F0008D4C04 /* PontoDeskUITests */ = {
			isa = PBXGroup;
			children = (
				147ED4392C57B7F0008D4C04 /* PontoDeskUITests.swift */,
				147ED43B2C57B7F0008D4C04 /* PontoDeskUITestsLaunchTests.swift */,
			);
			path = PontoDeskUITests;
			sourceTree = "<group>";
		};
/* End PBXGroup section */

/* Begin PBXNativeTarget section */
		147ED4192C57B7EE008D4C04 /* PontoDesk */ = {
			isa = PBXNativeTarget;
			buildConfigurationList = 147ED43F2C57B7F0008D4C04 /* Build configuration list for PBXNativeTarget "PontoDesk" */;
			buildPhases = (
				147ED4162C57B7EE008D4C04 /* Sources */,
				147ED4172C57B7EE008D4C04 /* Frameworks */,
				147ED4182C57B7EE008D4C04 /* Resources */,
			);
			buildRules = (
			);
			dependencies = (
			);
			name = PontoDesk;
			packageProductDependencies = (
				14EB74682C5912A60006B201 /* FirebaseAnalytics */,
				14EB746A2C5912A60006B201 /* FirebaseAnalyticsOnDeviceConversion */,
				14EB746C2C5912A60006B201 /* FirebaseAnalyticsSwift */,
				14EB746E2C5912A60006B201 /* FirebaseAnalyticsWithoutAdIdSupport */,
				14EB74702C5912A60006B201 /* FirebaseAppCheck */,
				14EB74742C5912A60006B201 /* FirebaseAuth */,
				14EB74782C5912A60006B201 /* FirebaseCrashlytics */,
				14EB747A2C5912A60006B201 /* FirebaseDatabase */,
				14EB747C2C5912A60006B201 /* FirebaseDatabaseSwift */,
				14EB747E2C5912A60006B201 /* FirebaseDynamicLinks */,
				14EB74802C5912A60006B201 /* FirebaseFirestore */,
				14EB74842C5912A60006B201 /* FirebaseFirestoreSwift */,
				14EB74862C5912A60006B201 /* FirebaseFunctions */,
				14EB748E2C5912A60006B201 /* FirebaseInstallations */,
				14EB74922C5912A60006B201 /* FirebaseMessaging */,
				14EB74942C5912A60006B201 /* FirebasePerformance */,
				14EB74962C5912A60006B201 /* FirebaseRemoteConfig */,
				14EB74982C5912A60006B201 /* FirebaseRemoteConfigSwift */,
				14EB749A2C5912A60006B201 /* FirebaseStorage */,
			);
			productName = PontoDesk;
			productReference = 147ED41A2C57B7EE008D4C04 /* PontoDesk.app */;
			productType = "com.apple.product-type.application";
		};
		147ED42A2C57B7F0008D4C04 /* PontoDeskTests */ = {
			isa = PBXNativeTarget;
			buildConfigurationList = 147ED4422C57B7F0008D4C04 /* Build configuration list for PBXNativeTarget "PontoDeskTests" */;
			buildPhases = (
				147ED4272C57B7F0008D4C04 /* Sources */,
				147ED4282C57B7F0008D4C04 /* Frameworks */,
				147ED4292C57B7F0008D4C04 /* Resources */,
			);
			buildRules = (
			);
			dependencies = (
				147ED42D2C57B7F0008D4C04 /* PBXTargetDependency */,
			);
			name = PontoDeskTests;
			productName = PontoDeskTests;
			productReference = 147ED42B2C57B7F0008D4C04 /* PontoDeskTests.xctest */;
			productType = "com.apple.product-type.bundle.unit-test";
		};
		147ED4342C57B7F0008D4C04 /* PontoDeskUITests */ = {
			isa = PBXNativeTarget;
			buildConfigurationList = 147ED4452C57B7F0008D4C04 /* Build configuration list for PBXNativeTarget "PontoDeskUITests" */;
			buildPhases = (
				147ED4312C57B7F0008D4C04 /* Sources */,
				147ED4322C57B7F0008D4C04 /* Frameworks */,
				147ED4332C57B7F0008D4C04 /* Resources */,
			);
			buildRules = (
			);
			dependencies = (
				147ED4372C57B7F0008D4C04 /* PBXTargetDependency */,
			);
			name = PontoDeskUITests;
			productName = PontoDeskUITests;
			productReference = 147ED4352C57B7F0008D4C04 /* PontoDeskUITests.xctest */;
			productType = "com.apple.product-type.bundle.ui-testing";
		};
/* End PBXNativeTarget section */

/* Begin PBXProject section */
		147ED4122C57B7EE008D4C04 /* Project object */ = {
			isa = PBXProject;
			attributes = {
				BuildIndependentTargetsInParallel = 1;
				LastSwiftUpdateCheck = 1540;
				LastUpgradeCheck = 1540;
				TargetAttributes = {
					147ED4192C57B7EE008D4C04 = {
						CreatedOnToolsVersion = 15.4;
					};
					147ED42A2C57B7F0008D4C04 = {
						CreatedOnToolsVersion = 15.4;
						TestTargetID = 147ED4192C57B7EE008D4C04;
					};
					147ED4342C57B7F0008D4C04 = {
						CreatedOnToolsVersion = 15.4;
						TestTargetID = 147ED4192C57B7EE008D4C04;
					};
				};
			};
			buildConfigurationList = 147ED4152C57B7EE008D4C04 /* Build configuration list for PBXProject "PontoDesk" */;
			compatibilityVersion = "Xcode 14.0";
			developmentRegion = en;
			hasScannedForEncodings = 0;
			knownRegions = (
				en,
				Base,
			);
			mainGroup = 147ED4112C57B7EE008D4C04;
			packageReferences = (
				14EB74652C5910480006B201 /* XCRemoteSwiftPackageReference "firebase-ios-sdk" */,
			);
			productRefGroup = 147ED41B2C57B7EE008D4C04 /* Products */;
			projectDirPath = "";
			projectRoot = "";
			targets = (
				147ED4192C57B7EE008D4C04 /* PontoDesk */,
				147ED42A2C57B7F0008D4C04 /* PontoDeskTests */,
				147ED4342C57B7F0008D4C04 /* PontoDeskUITests */,
			);
		};
/* End PBXProject section */

/* Begin PBXResourcesBuildPhase section */
		147ED4182C57B7EE008D4C04 /* Resources */ = {
			isa = PBXResourcesBuildPhase;
			buildActionMask = 2147483647;
			files = (
				147ED4252C57B7F0008D4C04 /* Preview Assets.xcassets in Resources */,
				1427E4F62C5A5D9A00E8D2DA /* GoogleService-Info.plist in Resources */,
				147ED4222C57B7F0008D4C04 /* Assets.xcassets in Resources */,
			);
			runOnlyForDeploymentPostprocessing = 0;
		};
		147ED4292C57B7F0008D4C04 /* Resources */ = {
			isa = PBXResourcesBuildPhase;
			buildActionMask = 2147483647;
			files = (
			);
			runOnlyForDeploymentPostprocessing = 0;
		};
		147ED4332C57B7F0008D4C04 /* Resources */ = {
			isa = PBXResourcesBuildPhase;
			buildActionMask = 2147483647;
			files = (
			);
			runOnlyForDeploymentPostprocessing = 0;
		};
/* End PBXResourcesBuildPhase section */

/* Begin PBXSourcesBuildPhase section */
		147ED4162C57B7EE008D4C04 /* Sources */ = {
			isa = PBXSourcesBuildPhase;
			buildActionMask = 2147483647;
			files = (
				1427E50A2C5A731400E8D2DA /* Translucency.swift in Sources */,
				1427E5002C5A6EA400E8D2DA /* SidebarHeader.swift in Sources */,
				1427E4FC2C5A6D5D00E8D2DA /* Item.swift in Sources */,
				1427E5042C5A704700E8D2DA /* ItemGroupView.swift in Sources */,
				147ED4202C57B7EE008D4C04 /* ContentView.swift in Sources */,
				1427E5122C5A751200E8D2DA /* SidebarItem.swift in Sources */,
				1427E4F82C5A6CF300E8D2DA /* Sidebar.swift in Sources */,
				1427E50C2C5A735E00E8D2DA /* TranslucentView.swift in Sources */,
				1427E5022C5A6F8F00E8D2DA /* SidebarButton.swift in Sources */,
				1427E4FA2C5A6D3500E8D2DA /* ItemGroup.swift in Sources */,
				1427E5062C5A70BB00E8D2DA /* ItemGroupHeader.swift in Sources */,
				1427E5142C5A754E00E8D2DA /* SidebarIcon.swift in Sources */,
				147ED41E2C57B7EE008D4C04 /* PontoDeskApp.swift in Sources */,
				1427E5102C5A749900E8D2DA /* SidebarSelection.swift in Sources */,
				1427E5082C5A717200E8D2DA /* Extensions.swift in Sources */,
				1427E50E2C5A740400E8D2DA /* MacSize.swift in Sources */,
				1427E4FE2C5A6E4C00E8D2DA /* SidebarView.swift in Sources */,
			);
			runOnlyForDeploymentPostprocessing = 0;
		};
		147ED4272C57B7F0008D4C04 /* Sources */ = {
			isa = PBXSourcesBuildPhase;
			buildActionMask = 2147483647;
			files = (
				147ED4302C57B7F0008D4C04 /* PontoDeskTests.swift in Sources */,
			);
			runOnlyForDeploymentPostprocessing = 0;
		};
		147ED4312C57B7F0008D4C04 /* Sources */ = {
			isa = PBXSourcesBuildPhase;
			buildActionMask = 2147483647;
			files = (
				147ED43C2C57B7F0008D4C04 /* PontoDeskUITestsLaunchTests.swift in Sources */,
				147ED43A2C57B7F0008D4C04 /* PontoDeskUITests.swift in Sources */,
			);
			runOnlyForDeploymentPostprocessing = 0;
		};
/* End PBXSourcesBuildPhase section */

/* Begin PBXTargetDependency section */
		147ED42D2C57B7F0008D4C04 /* PBXTargetDependency */ = {
			isa = PBXTargetDependency;
			target = 147ED4192C57B7EE008D4C04 /* PontoDesk */;
			targetProxy = 147ED42C2C57B7F0008D4C04 /* PBXContainerItemProxy */;
		};
		147ED4372C57B7F0008D4C04 /* PBXTargetDependency */ = {
			isa = PBXTargetDependency;
			target = 147ED4192C57B7EE008D4C04 /* PontoDesk */;
			targetProxy = 147ED4362C57B7F0008D4C04 /* PBXContainerItemProxy */;
		};
/* End PBXTargetDependency section */

/* Begin XCBuildConfiguration section */
		147ED43D2C57B7F0008D4C04 /* Debug */ = {
			isa = XCBuildConfiguration;
			buildSettings = {
				ALWAYS_SEARCH_USER_PATHS = NO;
				ASSETCATALOG_COMPILER_GENERATE_SWIFT_ASSET_SYMBOL_EXTENSIONS = YES;
				CLANG_ANALYZER_NONNULL = YES;
				CLANG_ANALYZER_NUMBER_OBJECT_CONVERSION = YES_AGGRESSIVE;
				CLANG_CXX_LANGUAGE_STANDARD = "gnu++20";
				CLANG_ENABLE_MODULES = YES;
				CLANG_ENABLE_OBJC_ARC = YES;
				CLANG_ENABLE_OBJC_WEAK = YES;
				CLANG_WARN_BLOCK_CAPTURE_AUTORELEASING = YES;
				CLANG_WARN_BOOL_CONVERSION = YES;
				CLANG_WARN_COMMA = YES;
				CLANG_WARN_CONSTANT_CONVERSION = YES;
				CLANG_WARN_DEPRECATED_OBJC_IMPLEMENTATIONS = YES;
				CLANG_WARN_DIRECT_OBJC_ISA_USAGE = YES_ERROR;
				CLANG_WARN_DOCUMENTATION_COMMENTS = YES;
				CLANG_WARN_EMPTY_BODY = YES;
				CLANG_WARN_ENUM_CONVERSION = YES;
				CLANG_WARN_INFINITE_RECURSION = YES;
				CLANG_WARN_INT_CONVERSION = YES;
				CLANG_WARN_NON_LITERAL_NULL_CONVERSION = YES;
				CLANG_WARN_OBJC_IMPLICIT_RETAIN_SELF = YES;
				CLANG_WARN_OBJC_LITERAL_CONVERSION = YES;
				CLANG_WARN_OBJC_ROOT_CLASS = YES_ERROR;
				CLANG_WARN_QUOTED_INCLUDE_IN_FRAMEWORK_HEADER = YES;
				CLANG_WARN_RANGE_LOOP_ANALYSIS = YES;
				CLANG_WARN_STRICT_PROTOTYPES = YES;
				CLANG_WARN_SUSPICIOUS_MOVE = YES;
				CLANG_WARN_UNGUARDED_AVAILABILITY = YES_AGGRESSIVE;
				CLANG_WARN_UNREACHABLE_CODE = YES;
				CLANG_WARN__DUPLICATE_METHOD_MATCH = YES;
				COPY_PHASE_STRIP = NO;
				DEBUG_INFORMATION_FORMAT = dwarf;
				ENABLE_STRICT_OBJC_MSGSEND = YES;
				ENABLE_TESTABILITY = YES;
				ENABLE_USER_SCRIPT_SANDBOXING = YES;
				GCC_C_LANGUAGE_STANDARD = gnu17;
				GCC_DYNAMIC_NO_PIC = NO;
				GCC_NO_COMMON_BLOCKS = YES;
				GCC_OPTIMIZATION_LEVEL = 0;
				GCC_PREPROCESSOR_DEFINITIONS = (
					"DEBUG=1",
					"$(inherited)",
				);
				GCC_WARN_64_TO_32_BIT_CONVERSION = YES;
				GCC_WARN_ABOUT_RETURN_TYPE = YES_ERROR;
				GCC_WARN_UNDECLARED_SELECTOR = YES;
				GCC_WARN_UNINITIALIZED_AUTOS = YES_AGGRESSIVE;
				GCC_WARN_UNUSED_FUNCTION = YES;
				GCC_WARN_UNUSED_VARIABLE = YES;
				LOCALIZATION_PREFERS_STRING_CATALOGS = YES;
				MACOSX_DEPLOYMENT_TARGET = 14.5;
				MTL_ENABLE_DEBUG_INFO = INCLUDE_SOURCE;
				MTL_FAST_MATH = YES;
				ONLY_ACTIVE_ARCH = YES;
				SDKROOT = macosx;
				SWIFT_ACTIVE_COMPILATION_CONDITIONS = "DEBUG $(inherited)";
				SWIFT_OPTIMIZATION_LEVEL = "-Onone";
			};
			name = Debug;
		};
		147ED43E2C57B7F0008D4C04 /* Release */ = {
			isa = XCBuildConfiguration;
			buildSettings = {
				ALWAYS_SEARCH_USER_PATHS = NO;
				ASSETCATALOG_COMPILER_GENERATE_SWIFT_ASSET_SYMBOL_EXTENSIONS = YES;
				CLANG_ANALYZER_NONNULL = YES;
				CLANG_ANALYZER_NUMBER_OBJECT_CONVERSION = YES_AGGRESSIVE;
				CLANG_CXX_LANGUAGE_STANDARD = "gnu++20";
				CLANG_ENABLE_MODULES = YES;
				CLANG_ENABLE_OBJC_ARC = YES;
				CLANG_ENABLE_OBJC_WEAK = YES;
				CLANG_WARN_BLOCK_CAPTURE_AUTORELEASING = YES;
				CLANG_WARN_BOOL_CONVERSION = YES;
				CLANG_WARN_COMMA = YES;
				CLANG_WARN_CONSTANT_CONVERSION = YES;
				CLANG_WARN_DEPRECATED_OBJC_IMPLEMENTATIONS = YES;
				CLANG_WARN_DIRECT_OBJC_ISA_USAGE = YES_ERROR;
				CLANG_WARN_DOCUMENTATION_COMMENTS = YES;
				CLANG_WARN_EMPTY_BODY = YES;
				CLANG_WARN_ENUM_CONVERSION = YES;
				CLANG_WARN_INFINITE_RECURSION = YES;
				CLANG_WARN_INT_CONVERSION = YES;
				CLANG_WARN_NON_LITERAL_NULL_CONVERSION = YES;
				CLANG_WARN_OBJC_IMPLICIT_RETAIN_SELF = YES;
				CLANG_WARN_OBJC_LITERAL_CONVERSION = YES;
				CLANG_WARN_OBJC_ROOT_CLASS = YES_ERROR;
				CLANG_WARN_QUOTED_INCLUDE_IN_FRAMEWORK_HEADER = YES;
				CLANG_WARN_RANGE_LOOP_ANALYSIS = YES;
				CLANG_WARN_STRICT_PROTOTYPES = YES;
				CLANG_WARN_SUSPICIOUS_MOVE = YES;
				CLANG_WARN_UNGUARDED_AVAILABILITY = YES_AGGRESSIVE;
				CLANG_WARN_UNREACHABLE_CODE = YES;
				CLANG_WARN__DUPLICATE_METHOD_MATCH = YES;
				COPY_PHASE_STRIP = NO;
				DEBUG_INFORMATION_FORMAT = "dwarf-with-dsym";
				ENABLE_NS_ASSERTIONS = NO;
				ENABLE_STRICT_OBJC_MSGSEND = YES;
				ENABLE_USER_SCRIPT_SANDBOXING = YES;
				GCC_C_LANGUAGE_STANDARD = gnu17;
				GCC_NO_COMMON_BLOCKS = YES;
				GCC_WARN_64_TO_32_BIT_CONVERSION = YES;
				GCC_WARN_ABOUT_RETURN_TYPE = YES_ERROR;
				GCC_WARN_UNDECLARED_SELECTOR = YES;
				GCC_WARN_UNINITIALIZED_AUTOS = YES_AGGRESSIVE;
				GCC_WARN_UNUSED_FUNCTION = YES;
				GCC_WARN_UNUSED_VARIABLE = YES;
				LOCALIZATION_PREFERS_STRING_CATALOGS = YES;
				MACOSX_DEPLOYMENT_TARGET = 14.5;
				MTL_ENABLE_DEBUG_INFO = NO;
				MTL_FAST_MATH = YES;
				SDKROOT = macosx;
				SWIFT_COMPILATION_MODE = wholemodule;
			};
			name = Release;
		};
		147ED4402C57B7F0008D4C04 /* Debug */ = {
			isa = XCBuildConfiguration;
			buildSettings = {
				ASSETCATALOG_COMPILER_APPICON_NAME = AppIcon;
				ASSETCATALOG_COMPILER_GLOBAL_ACCENT_COLOR_NAME = AccentColor;
				CODE_SIGN_ENTITLEMENTS = PontoDesk/PontoDesk.entitlements;
				CODE_SIGN_STYLE = Automatic;
				COMBINE_HIDPI_IMAGES = YES;
				CURRENT_PROJECT_VERSION = 1;
				DEVELOPMENT_ASSET_PATHS = "\"PontoDesk/Preview Content\"";
				DEVELOPMENT_TEAM = 7P3G4Y9CSP;
				ENABLE_HARDENED_RUNTIME = YES;
				ENABLE_PREVIEWS = YES;
				GENERATE_INFOPLIST_FILE = YES;
				INFOPLIST_FILE = PontoDesk/Info.plist;
				INFOPLIST_KEY_LSApplicationCategoryType = "";
				INFOPLIST_KEY_NSHumanReadableCopyright = "";
				LD_RUNPATH_SEARCH_PATHS = (
					"$(inherited)",
					"@executable_path/../Frameworks",
				);
				MARKETING_VERSION = 1.0;
				PRODUCT_BUNDLE_IDENTIFIER = MarceloDeAraujo.PontoDesk;
				PRODUCT_NAME = "$(TARGET_NAME)";
				SWIFT_EMIT_LOC_STRINGS = YES;
				SWIFT_VERSION = 5.0;
			};
			name = Debug;
		};
		147ED4412C57B7F0008D4C04 /* Release */ = {
			isa = XCBuildConfiguration;
			buildSettings = {
				ASSETCATALOG_COMPILER_APPICON_NAME = AppIcon;
				ASSETCATALOG_COMPILER_GLOBAL_ACCENT_COLOR_NAME = AccentColor;
				CODE_SIGN_ENTITLEMENTS = PontoDesk/PontoDesk.entitlements;
				CODE_SIGN_STYLE = Automatic;
				COMBINE_HIDPI_IMAGES = YES;
				CURRENT_PROJECT_VERSION = 1;
				DEVELOPMENT_ASSET_PATHS = "\"PontoDesk/Preview Content\"";
				DEVELOPMENT_TEAM = 7P3G4Y9CSP;
				ENABLE_HARDENED_RUNTIME = YES;
				ENABLE_PREVIEWS = YES;
				GENERATE_INFOPLIST_FILE = YES;
				INFOPLIST_FILE = PontoDesk/Info.plist;
				INFOPLIST_KEY_LSApplicationCategoryType = "";
				INFOPLIST_KEY_NSHumanReadableCopyright = "";
				LD_RUNPATH_SEARCH_PATHS = (
					"$(inherited)",
					"@executable_path/../Frameworks",
				);
				MARKETING_VERSION = 1.0;
				PRODUCT_BUNDLE_IDENTIFIER = MarceloDeAraujo.PontoDesk;
				PRODUCT_NAME = "$(TARGET_NAME)";
				SWIFT_EMIT_LOC_STRINGS = YES;
				SWIFT_VERSION = 5.0;
			};
			name = Release;
		};
		147ED4432C57B7F0008D4C04 /* Debug */ = {
			isa = XCBuildConfiguration;
			buildSettings = {
				ALWAYS_EMBED_SWIFT_STANDARD_LIBRARIES = YES;
				BUNDLE_LOADER = "$(TEST_HOST)";
				CODE_SIGN_STYLE = Automatic;
				CURRENT_PROJECT_VERSION = 1;
				DEVELOPMENT_TEAM = 7P3G4Y9CSP;
				GENERATE_INFOPLIST_FILE = YES;
				MACOSX_DEPLOYMENT_TARGET = 14.5;
				MARKETING_VERSION = 1.0;
				PRODUCT_BUNDLE_IDENTIFIER = MarceloDeAraujo.PontoDeskTests;
				PRODUCT_NAME = "$(TARGET_NAME)";
				SWIFT_EMIT_LOC_STRINGS = NO;
				SWIFT_VERSION = 5.0;
				TEST_HOST = "$(BUILT_PRODUCTS_DIR)/PontoDesk.app/$(BUNDLE_EXECUTABLE_FOLDER_PATH)/PontoDesk";
			};
			name = Debug;
		};
		147ED4442C57B7F0008D4C04 /* Release */ = {
			isa = XCBuildConfiguration;
			buildSettings = {
				ALWAYS_EMBED_SWIFT_STANDARD_LIBRARIES = YES;
				BUNDLE_LOADER = "$(TEST_HOST)";
				CODE_SIGN_STYLE = Automatic;
				CURRENT_PROJECT_VERSION = 1;
				DEVELOPMENT_TEAM = 7P3G4Y9CSP;
				GENERATE_INFOPLIST_FILE = YES;
				MACOSX_DEPLOYMENT_TARGET = 14.5;
				MARKETING_VERSION = 1.0;
				PRODUCT_BUNDLE_IDENTIFIER = MarceloDeAraujo.PontoDeskTests;
				PRODUCT_NAME = "$(TARGET_NAME)";
				SWIFT_EMIT_LOC_STRINGS = NO;
				SWIFT_VERSION = 5.0;
				TEST_HOST = "$(BUILT_PRODUCTS_DIR)/PontoDesk.app/$(BUNDLE_EXECUTABLE_FOLDER_PATH)/PontoDesk";
			};
			name = Release;
		};
		147ED4462C57B7F0008D4C04 /* Debug */ = {
			isa = XCBuildConfiguration;
			buildSettings = {
				ALWAYS_EMBED_SWIFT_STANDARD_LIBRARIES = YES;
				CODE_SIGN_STYLE = Automatic;
				CURRENT_PROJECT_VERSION = 1;
				DEVELOPMENT_TEAM = 7P3G4Y9CSP;
				GENERATE_INFOPLIST_FILE = YES;
				MARKETING_VERSION = 1.0;
				PRODUCT_BUNDLE_IDENTIFIER = MarceloDeAraujo.PontoDeskUITests;
				PRODUCT_NAME = "$(TARGET_NAME)";
				SWIFT_EMIT_LOC_STRINGS = NO;
				SWIFT_VERSION = 5.0;
				TEST_TARGET_NAME = PontoDesk;
			};
			name = Debug;
		};
		147ED4472C57B7F0008D4C04 /* Release */ = {
			isa = XCBuildConfiguration;
			buildSettings = {
				ALWAYS_EMBED_SWIFT_STANDARD_LIBRARIES = YES;
				CODE_SIGN_STYLE = Automatic;
				CURRENT_PROJECT_VERSION = 1;
				DEVELOPMENT_TEAM = 7P3G4Y9CSP;
				GENERATE_INFOPLIST_FILE = YES;
				MARKETING_VERSION = 1.0;
				PRODUCT_BUNDLE_IDENTIFIER = MarceloDeAraujo.PontoDeskUITests;
				PRODUCT_NAME = "$(TARGET_NAME)";
				SWIFT_EMIT_LOC_STRINGS = NO;
				SWIFT_VERSION = 5.0;
				TEST_TARGET_NAME = PontoDesk;
			};
			name = Release;
		};
/* End XCBuildConfiguration section */

/* Begin XCConfigurationList section */
		147ED4152C57B7EE008D4C04 /* Build configuration list for PBXProject "PontoDesk" */ = {
			isa = XCConfigurationList;
			buildConfigurations = (
				147ED43D2C57B7F0008D4C04 /* Debug */,
				147ED43E2C57B7F0008D4C04 /* Release */,
			);
			defaultConfigurationIsVisible = 0;
			defaultConfigurationName = Release;
		};
		147ED43F2C57B7F0008D4C04 /* Build configuration list for PBXNativeTarget "PontoDesk" */ = {
			isa = XCConfigurationList;
			buildConfigurations = (
				147ED4402C57B7F0008D4C04 /* Debug */,
				147ED4412C57B7F0008D4C04 /* Release */,
			);
			defaultConfigurationIsVisible = 0;
			defaultConfigurationName = Release;
		};
		147ED4422C57B7F0008D4C04 /* Build configuration list for PBXNativeTarget "PontoDeskTests" */ = {
			isa = XCConfigurationList;
			buildConfigurations = (
				147ED4432C57B7F0008D4C04 /* Debug */,
				147ED4442C57B7F0008D4C04 /* Release */,
			);
			defaultConfigurationIsVisible = 0;
			defaultConfigurationName = Release;
		};
		147ED4452C57B7F0008D4C04 /* Build configuration list for PBXNativeTarget "PontoDeskUITests" */ = {
			isa = XCConfigurationList;
			buildConfigurations = (
				147ED4462C57B7F0008D4C04 /* Debug */,
				147ED4472C57B7F0008D4C04 /* Release */,
			);
			defaultConfigurationIsVisible = 0;
			defaultConfigurationName = Release;
		};
/* End XCConfigurationList section */

/* Begin XCRemoteSwiftPackageReference section */
		14EB74652C5910480006B201 /* XCRemoteSwiftPackageReference "firebase-ios-sdk" */ = {
			isa = XCRemoteSwiftPackageReference;
			repositoryURL = "https://github.com/firebase/firebase-ios-sdk.git";
			requirement = {
				kind = upToNextMajorVersion;
				minimumVersion = 10.29.0;
			};
		};
/* End XCRemoteSwiftPackageReference section */

/* Begin XCSwiftPackageProductDependency section */
		14EB74682C5912A60006B201 /* FirebaseAnalytics */ = {
			isa = XCSwiftPackageProductDependency;
			package = 14EB74652C5910480006B201 /* XCRemoteSwiftPackageReference "firebase-ios-sdk" */;
			productName = FirebaseAnalytics;
		};
		14EB746A2C5912A60006B201 /* FirebaseAnalyticsOnDeviceConversion */ = {
			isa = XCSwiftPackageProductDependency;
			package = 14EB74652C5910480006B201 /* XCRemoteSwiftPackageReference "firebase-ios-sdk" */;
			productName = FirebaseAnalyticsOnDeviceConversion;
		};
		14EB746C2C5912A60006B201 /* FirebaseAnalyticsSwift */ = {
			isa = XCSwiftPackageProductDependency;
			package = 14EB74652C5910480006B201 /* XCRemoteSwiftPackageReference "firebase-ios-sdk" */;
			productName = FirebaseAnalyticsSwift;
		};
		14EB746E2C5912A60006B201 /* FirebaseAnalyticsWithoutAdIdSupport */ = {
			isa = XCSwiftPackageProductDependency;
			package = 14EB74652C5910480006B201 /* XCRemoteSwiftPackageReference "firebase-ios-sdk" */;
			productName = FirebaseAnalyticsWithoutAdIdSupport;
		};
		14EB74702C5912A60006B201 /* FirebaseAppCheck */ = {
			isa = XCSwiftPackageProductDependency;
			package = 14EB74652C5910480006B201 /* XCRemoteSwiftPackageReference "firebase-ios-sdk" */;
			productName = FirebaseAppCheck;
		};
		14EB74742C5912A60006B201 /* FirebaseAuth */ = {
			isa = XCSwiftPackageProductDependency;
			package = 14EB74652C5910480006B201 /* XCRemoteSwiftPackageReference "firebase-ios-sdk" */;
			productName = FirebaseAuth;
		};
		14EB74782C5912A60006B201 /* FirebaseCrashlytics */ = {
			isa = XCSwiftPackageProductDependency;
			package = 14EB74652C5910480006B201 /* XCRemoteSwiftPackageReference "firebase-ios-sdk" */;
			productName = FirebaseCrashlytics;
		};
		14EB747A2C5912A60006B201 /* FirebaseDatabase */ = {
			isa = XCSwiftPackageProductDependency;
			package = 14EB74652C5910480006B201 /* XCRemoteSwiftPackageReference "firebase-ios-sdk" */;
			productName = FirebaseDatabase;
		};
		14EB747C2C5912A60006B201 /* FirebaseDatabaseSwift */ = {
			isa = XCSwiftPackageProductDependency;
			package = 14EB74652C5910480006B201 /* XCRemoteSwiftPackageReference "firebase-ios-sdk" */;
			productName = FirebaseDatabaseSwift;
		};
		14EB747E2C5912A60006B201 /* FirebaseDynamicLinks */ = {
			isa = XCSwiftPackageProductDependency;
			package = 14EB74652C5910480006B201 /* XCRemoteSwiftPackageReference "firebase-ios-sdk" */;
			productName = FirebaseDynamicLinks;
		};
		14EB74802C5912A60006B201 /* FirebaseFirestore */ = {
			isa = XCSwiftPackageProductDependency;
			package = 14EB74652C5910480006B201 /* XCRemoteSwiftPackageReference "firebase-ios-sdk" */;
			productName = FirebaseFirestore;
		};
		14EB74842C5912A60006B201 /* FirebaseFirestoreSwift */ = {
			isa = XCSwiftPackageProductDependency;
			package = 14EB74652C5910480006B201 /* XCRemoteSwiftPackageReference "firebase-ios-sdk" */;
			productName = FirebaseFirestoreSwift;
		};
		14EB74862C5912A60006B201 /* FirebaseFunctions */ = {
			isa = XCSwiftPackageProductDependency;
			package = 14EB74652C5910480006B201 /* XCRemoteSwiftPackageReference "firebase-ios-sdk" */;
			productName = FirebaseFunctions;
		};
		14EB748E2C5912A60006B201 /* FirebaseInstallations */ = {
			isa = XCSwiftPackageProductDependency;
			package = 14EB74652C5910480006B201 /* XCRemoteSwiftPackageReference "firebase-ios-sdk" */;
			productName = FirebaseInstallations;
		};
		14EB74922C5912A60006B201 /* FirebaseMessaging */ = {
			isa = XCSwiftPackageProductDependency;
			package = 14EB74652C5910480006B201 /* XCRemoteSwiftPackageReference "firebase-ios-sdk" */;
			productName = FirebaseMessaging;
		};
		14EB74942C5912A60006B201 /* FirebasePerformance */ = {
			isa = XCSwiftPackageProductDependency;
			package = 14EB74652C5910480006B201 /* XCRemoteSwiftPackageReference "firebase-ios-sdk" */;
			productName = FirebasePerformance;
		};
		14EB74962C5912A60006B201 /* FirebaseRemoteConfig */ = {
			isa = XCSwiftPackageProductDependency;
			package = 14EB74652C5910480006B201 /* XCRemoteSwiftPackageReference "firebase-ios-sdk" */;
			productName = FirebaseRemoteConfig;
		};
		14EB74982C5912A60006B201 /* FirebaseRemoteConfigSwift */ = {
			isa = XCSwiftPackageProductDependency;
			package = 14EB74652C5910480006B201 /* XCRemoteSwiftPackageReference "firebase-ios-sdk" */;
			productName = FirebaseRemoteConfigSwift;
		};
		14EB749A2C5912A60006B201 /* FirebaseStorage */ = {
			isa = XCSwiftPackageProductDependency;
			package = 14EB74652C5910480006B201 /* XCRemoteSwiftPackageReference "firebase-ios-sdk" */;
			productName = FirebaseStorage;
		};
/* End XCSwiftPackageProductDependency section */
	};
	rootObject = 147ED4122C57B7EE008D4C04 /* Project object */;
}
