// !$*UTF8*$!
{
	archiveVersion = 1;
	classes = {
	};
	objectVersion = 56;
	objects = {

/* Begin PBXBuildFile section */
		1427E4F62C5A5D9A00E8D2DA /* GoogleService-Info.plist in Resources */ = {isa = PBXBuildFile; fileRef = 1427E4F52C5A5D9A00E8D2DA /* GoogleService-Info.plist */; };
		147ED41E2C57B7EE008D4C04 /* PontoDeskApp.swift in Sources */ = {isa = PBXBuildFile; fileRef = 147ED41D2C57B7EE008D4C04 /* PontoDeskApp.swift */; };
		147ED4202C57B7EE008D4C04 /* ContentView.swift in Sources */ = {isa = PBXBuildFile; fileRef = 147ED41F2C57B7EE008D4C04 /* ContentView.swift */; };
		147ED4222C57B7F0008D4C04 /* Assets.xcassets in Resources */ = {isa = PBXBuildFile; fileRef = 147ED4212C57B7F0008D4C04 /* Assets.xcassets */; };
		147ED4252C57B7F0008D4C04 /* Preview Assets.xcassets in Resources */ = {isa = PBXBuildFile; fileRef = 147ED4242C57B7F0008D4C04 /* Preview Assets.xcassets */; };
		147ED4302C57B7F0008D4C04 /* PontoDeskTests.swift in Sources */ = {isa = PBXBuildFile; fileRef = 147ED42F2C57B7F0008D4C04 /* PontoDeskTests.swift */; };
		147ED43A2C57B7F0008D4C04 /* PontoDeskUITests.swift in Sources */ = {isa = PBXBuildFile; fileRef = 147ED4392C57B7F0008D4C04 /* PontoDeskUITests.swift */; };
		147ED43C2C57B7F0008D4C04 /* PontoDeskUITestsLaunchTests.swift in Sources */ = {isa = PBXBuildFile; fileRef = 147ED43B2C57B7F0008D4C04 /* PontoDeskUITestsLaunchTests.swift */; };
		14EB74752C5912A60006B201 /* FirebaseAuth in Frameworks */ = {isa = PBXBuildFile; productRef = 14EB74742C5912A60006B201 /* FirebaseAuth */; };
		14EB74812C5912A60006B201 /* FirebaseFirestore in Frameworks */ = {isa = PBXBuildFile; productRef = 14EB74802C5912A60006B201 /* FirebaseFirestore */; };
		14EB749B2C5912A60006B201 /* FirebaseStorage in Frameworks */ = {isa = PBXBuildFile; productRef = 14EB749A2C5912A60006B201 /* FirebaseStorage */; };
		212975C52C668EF800905CE5 /* ComponentsPointViewModel.swift in Sources */ = {isa = PBXBuildFile; fileRef = 212975C42C668EF800905CE5 /* ComponentsPointViewModel.swift */; };
		213FFC1E2C6B8698003C2BD4 /* PointRegister.swift in Sources */ = {isa = PBXBuildFile; fileRef = 213FFC1D2C6B8698003C2BD4 /* PointRegister.swift */; };
		3F3EFFB32C6245F4008E2945 /* SideBar.swift in Sources */ = {isa = PBXBuildFile; fileRef = 3F3EFFB22C6245F4008E2945 /* SideBar.swift */; };
		3F3EFFB92C6253C0008E2945 /* SideBarLayout.swift in Sources */ = {isa = PBXBuildFile; fileRef = 3F3EFFB82C6253C0008E2945 /* SideBarLayout.swift */; };
		3F3EFFBB2C6253D9008E2945 /* SideBarManager.swift in Sources */ = {isa = PBXBuildFile; fileRef = 3F3EFFBA2C6253D9008E2945 /* SideBarManager.swift */; };
		3F3EFFBD2C625701008E2945 /* TabOptions.swift in Sources */ = {isa = PBXBuildFile; fileRef = 3F3EFFBC2C625701008E2945 /* TabOptions.swift */; };
		3F3EFFC22C62575C008E2945 /* PointView.swift in Sources */ = {isa = PBXBuildFile; fileRef = 3F3EFFC12C62575C008E2945 /* PointView.swift */; };
		3F3EFFC52C625771008E2945 /* BookTableView.swift in Sources */ = {isa = PBXBuildFile; fileRef = 3F3EFFC42C625771008E2945 /* BookTableView.swift */; };
		3F3EFFC82C62578D008E2945 /* BookRoomView.swift in Sources */ = {isa = PBXBuildFile; fileRef = 3F3EFFC72C62578D008E2945 /* BookRoomView.swift */; };
		3F3EFFCB2C6257DB008E2945 /* ComponentBookRoom.swift in Sources */ = {isa = PBXBuildFile; fileRef = 3F3EFFCA2C6257DB008E2945 /* ComponentBookRoom.swift */; };
		3F3EFFCD2C6257EB008E2945 /* ComponentBookTable.swift in Sources */ = {isa = PBXBuildFile; fileRef = 3F3EFFCC2C6257EB008E2945 /* ComponentBookTable.swift */; };
		3F3EFFCF2C6257F9008E2945 /* NavigationDateView.swift in Sources */ = {isa = PBXBuildFile; fileRef = 3F3EFFCE2C6257F9008E2945 /* NavigationDateView.swift */; };
		3F3EFFD12C625F70008E2945 /* SideBarButton.swift in Sources */ = {isa = PBXBuildFile; fileRef = 3F3EFFD02C625F70008E2945 /* SideBarButton.swift */; };
		3F3EFFD52C62884D008E2945 /* LoginView.swift in Sources */ = {isa = PBXBuildFile; fileRef = 3F3EFFD42C62884D008E2945 /* LoginView.swift */; };
		3F3EFFD72C62895B008E2945 /* ButtonLogin.swift in Sources */ = {isa = PBXBuildFile; fileRef = 3F3EFFD62C62895B008E2945 /* ButtonLogin.swift */; };
		3F560BE72C6B9CFF002B0846 /* JWTDecode in Frameworks */ = {isa = PBXBuildFile; productRef = 3F560BE62C6B9CFF002B0846 /* JWTDecode */; };
		3F8151422C66322300FC5072 /* GitHubURL.swift in Sources */ = {isa = PBXBuildFile; fileRef = 3F8151412C66322300FC5072 /* GitHubURL.swift */; };
		3F8151442C66323E00FC5072 /* GoogleURL.swift in Sources */ = {isa = PBXBuildFile; fileRef = 3F8151432C66323E00FC5072 /* GoogleURL.swift */; };
		3F8151462C66413400FC5072 /* LoginPlataformProtocol.swift in Sources */ = {isa = PBXBuildFile; fileRef = 3F8151452C66413400FC5072 /* LoginPlataformProtocol.swift */; };
		3FDC90E62C64F4C1003889AB /* LoginWebView.swift in Sources */ = {isa = PBXBuildFile; fileRef = 3FDC90E52C64F4C1003889AB /* LoginWebView.swift */; };
		3FE20C4E2C6B882800D77386 /* LoginViewModel.swift in Sources */ = {isa = PBXBuildFile; fileRef = 3FE20C4D2C6B882800D77386 /* LoginViewModel.swift */; };
		3FF76E722C639FAC008838E6 /* ButtonLoginStyle.swift in Sources */ = {isa = PBXBuildFile; fileRef = 3FF76E712C639FAC008838E6 /* ButtonLoginStyle.swift */; };
		B83380912C5D2B72006AA587 /* TemplateComponent.swift in Sources */ = {isa = PBXBuildFile; fileRef = B83380902C5D2B72006AA587 /* TemplateComponent.swift */; };
/* End PBXBuildFile section */

/* Begin PBXContainerItemProxy section */
		147ED42C2C57B7F0008D4C04 /* PBXContainerItemProxy */ = {
			isa = PBXContainerItemProxy;
			containerPortal = 147ED4122C57B7EE008D4C04 /* Project object */;
			proxyType = 1;
			remoteGlobalIDString = 147ED4192C57B7EE008D4C04;
			remoteInfo = PontoDesk;
		};
		147ED4362C57B7F0008D4C04 /* PBXContainerItemProxy */ = {
			isa = PBXContainerItemProxy;
			containerPortal = 147ED4122C57B7EE008D4C04 /* Project object */;
			proxyType = 1;
			remoteGlobalIDString = 147ED4192C57B7EE008D4C04;
			remoteInfo = PontoDesk;
		};
/* End PBXContainerItemProxy section */

/* Begin PBXFileReference section */
		1427E4F52C5A5D9A00E8D2DA /* GoogleService-Info.plist */ = {isa = PBXFileReference; fileEncoding = 4; lastKnownFileType = text.plist.xml; path = "GoogleService-Info.plist"; sourceTree = "<group>"; };
		147ED41A2C57B7EE008D4C04 /* PontoDesk.app */ = {isa = PBXFileReference; explicitFileType = wrapper.application; includeInIndex = 0; path = PontoDesk.app; sourceTree = BUILT_PRODUCTS_DIR; };
		147ED41D2C57B7EE008D4C04 /* PontoDeskApp.swift */ = {isa = PBXFileReference; lastKnownFileType = sourcecode.swift; path = PontoDeskApp.swift; sourceTree = "<group>"; };
		147ED41F2C57B7EE008D4C04 /* ContentView.swift */ = {isa = PBXFileReference; lastKnownFileType = sourcecode.swift; path = ContentView.swift; sourceTree = "<group>"; };
		147ED4212C57B7F0008D4C04 /* Assets.xcassets */ = {isa = PBXFileReference; lastKnownFileType = folder.assetcatalog; path = Assets.xcassets; sourceTree = "<group>"; };
		147ED4242C57B7F0008D4C04 /* Preview Assets.xcassets */ = {isa = PBXFileReference; lastKnownFileType = folder.assetcatalog; path = "Preview Assets.xcassets"; sourceTree = "<group>"; };
		147ED4262C57B7F0008D4C04 /* PontoDesk.entitlements */ = {isa = PBXFileReference; lastKnownFileType = text.plist.entitlements; path = PontoDesk.entitlements; sourceTree = "<group>"; };
		147ED42B2C57B7F0008D4C04 /* PontoDeskTests.xctest */ = {isa = PBXFileReference; explicitFileType = wrapper.cfbundle; includeInIndex = 0; path = PontoDeskTests.xctest; sourceTree = BUILT_PRODUCTS_DIR; };
		147ED42F2C57B7F0008D4C04 /* PontoDeskTests.swift */ = {isa = PBXFileReference; lastKnownFileType = sourcecode.swift; path = PontoDeskTests.swift; sourceTree = "<group>"; };
		147ED4352C57B7F0008D4C04 /* PontoDeskUITests.xctest */ = {isa = PBXFileReference; explicitFileType = wrapper.cfbundle; includeInIndex = 0; path = PontoDeskUITests.xctest; sourceTree = BUILT_PRODUCTS_DIR; };
		147ED4392C57B7F0008D4C04 /* PontoDeskUITests.swift */ = {isa = PBXFileReference; lastKnownFileType = sourcecode.swift; path = PontoDeskUITests.swift; sourceTree = "<group>"; };
		147ED43B2C57B7F0008D4C04 /* PontoDeskUITestsLaunchTests.swift */ = {isa = PBXFileReference; lastKnownFileType = sourcecode.swift; path = PontoDeskUITestsLaunchTests.swift; sourceTree = "<group>"; };
		14EB74A22C5919150006B201 /* Info.plist */ = {isa = PBXFileReference; lastKnownFileType = text.plist.xml; path = Info.plist; sourceTree = "<group>"; };
		212975C42C668EF800905CE5 /* ComponentsPointViewModel.swift */ = {isa = PBXFileReference; fileEncoding = 4; lastKnownFileType = sourcecode.swift; path = ComponentsPointViewModel.swift; sourceTree = "<group>"; };
		213FFC1D2C6B8698003C2BD4 /* PointRegister.swift */ = {isa = PBXFileReference; lastKnownFileType = sourcecode.swift; path = PointRegister.swift; sourceTree = "<group>"; };
		3F3EFFB22C6245F4008E2945 /* SideBar.swift */ = {isa = PBXFileReference; lastKnownFileType = sourcecode.swift; path = SideBar.swift; sourceTree = "<group>"; };
		3F3EFFB82C6253C0008E2945 /* SideBarLayout.swift */ = {isa = PBXFileReference; lastKnownFileType = sourcecode.swift; path = SideBarLayout.swift; sourceTree = "<group>"; };
		3F3EFFBA2C6253D9008E2945 /* SideBarManager.swift */ = {isa = PBXFileReference; lastKnownFileType = sourcecode.swift; path = SideBarManager.swift; sourceTree = "<group>"; };
		3F3EFFBC2C625701008E2945 /* TabOptions.swift */ = {isa = PBXFileReference; lastKnownFileType = sourcecode.swift; path = TabOptions.swift; sourceTree = "<group>"; };
		3F3EFFC12C62575C008E2945 /* PointView.swift */ = {isa = PBXFileReference; lastKnownFileType = sourcecode.swift; path = PointView.swift; sourceTree = "<group>"; };
		3F3EFFC42C625771008E2945 /* BookTableView.swift */ = {isa = PBXFileReference; lastKnownFileType = sourcecode.swift; path = BookTableView.swift; sourceTree = "<group>"; };
		3F3EFFC72C62578D008E2945 /* BookRoomView.swift */ = {isa = PBXFileReference; lastKnownFileType = sourcecode.swift; path = BookRoomView.swift; sourceTree = "<group>"; };
		3F3EFFCA2C6257DB008E2945 /* ComponentBookRoom.swift */ = {isa = PBXFileReference; lastKnownFileType = sourcecode.swift; path = ComponentBookRoom.swift; sourceTree = "<group>"; };
		3F3EFFCC2C6257EB008E2945 /* ComponentBookTable.swift */ = {isa = PBXFileReference; lastKnownFileType = sourcecode.swift; path = ComponentBookTable.swift; sourceTree = "<group>"; };
		3F3EFFCE2C6257F9008E2945 /* NavigationDateView.swift */ = {isa = PBXFileReference; lastKnownFileType = sourcecode.swift; path = NavigationDateView.swift; sourceTree = "<group>"; };
		3F3EFFD02C625F70008E2945 /* SideBarButton.swift */ = {isa = PBXFileReference; lastKnownFileType = sourcecode.swift; path = SideBarButton.swift; sourceTree = "<group>"; };
		3F3EFFD42C62884D008E2945 /* LoginView.swift */ = {isa = PBXFileReference; lastKnownFileType = sourcecode.swift; path = LoginView.swift; sourceTree = "<group>"; };
		3F3EFFD62C62895B008E2945 /* ButtonLogin.swift */ = {isa = PBXFileReference; lastKnownFileType = sourcecode.swift; path = ButtonLogin.swift; sourceTree = "<group>"; };
		3F8151412C66322300FC5072 /* GitHubURL.swift */ = {isa = PBXFileReference; lastKnownFileType = sourcecode.swift; path = GitHubURL.swift; sourceTree = "<group>"; };
		3F8151432C66323E00FC5072 /* GoogleURL.swift */ = {isa = PBXFileReference; lastKnownFileType = sourcecode.swift; path = GoogleURL.swift; sourceTree = "<group>"; };
		3F8151452C66413400FC5072 /* LoginPlataformProtocol.swift */ = {isa = PBXFileReference; lastKnownFileType = sourcecode.swift; path = LoginPlataformProtocol.swift; sourceTree = "<group>"; };
		3FDC90E52C64F4C1003889AB /* LoginWebView.swift */ = {isa = PBXFileReference; lastKnownFileType = sourcecode.swift; path = LoginWebView.swift; sourceTree = "<group>"; };
		3FE20C4D2C6B882800D77386 /* LoginViewModel.swift */ = {isa = PBXFileReference; lastKnownFileType = sourcecode.swift; path = LoginViewModel.swift; sourceTree = "<group>"; };
		3FF76E712C639FAC008838E6 /* ButtonLoginStyle.swift */ = {isa = PBXFileReference; lastKnownFileType = sourcecode.swift; path = ButtonLoginStyle.swift; sourceTree = "<group>"; };
		B83380902C5D2B72006AA587 /* TemplateComponent.swift */ = {isa = PBXFileReference; lastKnownFileType = sourcecode.swift; path = TemplateComponent.swift; sourceTree = "<group>"; };
		B83380982C5D2DB7006AA587 /* .placeholder */ = {isa = PBXFileReference; fileEncoding = 4; lastKnownFileType = text; path = .placeholder; sourceTree = "<group>"; };
		B833809C2C5D2E14006AA587 /* .placeholder */ = {isa = PBXFileReference; fileEncoding = 4; lastKnownFileType = text; path = .placeholder; sourceTree = "<group>"; };
		B83380A72C5D2E74006AA587 /* .placeholder */ = {isa = PBXFileReference; fileEncoding = 4; lastKnownFileType = text; path = .placeholder; sourceTree = "<group>"; };
/* End PBXFileReference section */

/* Begin PBXFrameworksBuildPhase section */
		147ED4172C57B7EE008D4C04 /* Frameworks */ = {
			isa = PBXFrameworksBuildPhase;
			buildActionMask = 2147483647;
			files = (
				14EB74812C5912A60006B201 /* FirebaseFirestore in Frameworks */,
				14EB74752C5912A60006B201 /* FirebaseAuth in Frameworks */,
				3F560BE72C6B9CFF002B0846 /* JWTDecode in Frameworks */,
				14EB749B2C5912A60006B201 /* FirebaseStorage in Frameworks */,
			);
			runOnlyForDeploymentPostprocessing = 0;
		};
		147ED4282C57B7F0008D4C04 /* Frameworks */ = {
			isa = PBXFrameworksBuildPhase;
			buildActionMask = 2147483647;
			files = (
			);
			runOnlyForDeploymentPostprocessing = 0;
		};
		147ED4322C57B7F0008D4C04 /* Frameworks */ = {
			isa = PBXFrameworksBuildPhase;
			buildActionMask = 2147483647;
			files = (
			);
			runOnlyForDeploymentPostprocessing = 0;
		};
/* End PBXFrameworksBuildPhase section */

/* Begin PBXGroup section */
		147ED4112C57B7EE008D4C04 = {
			isa = PBXGroup;
			children = (
				147ED41C2C57B7EE008D4C04 /* PontoDesk */,
				147ED42E2C57B7F0008D4C04 /* PontoDeskTests */,
				147ED4382C57B7F0008D4C04 /* PontoDeskUITests */,
				147ED41B2C57B7EE008D4C04 /* Products */,
			);
			sourceTree = "<group>";
		};
		147ED41B2C57B7EE008D4C04 /* Products */ = {
			isa = PBXGroup;
			children = (
				147ED41A2C57B7EE008D4C04 /* PontoDesk.app */,
				147ED42B2C57B7F0008D4C04 /* PontoDeskTests.xctest */,
				147ED4352C57B7F0008D4C04 /* PontoDeskUITests.xctest */,
			);
			name = Products;
			sourceTree = "<group>";
		};
		147ED41C2C57B7EE008D4C04 /* PontoDesk */ = {
			isa = PBXGroup;
			children = (
				B83380872C5D28F0006AA587 /* App */,
				B833808C2C5D291D006AA587 /* Models */,
				B83380892C5D2901006AA587 /* Utils */,
				B83380882C5D28F6006AA587 /* Features */,
				B833808A2C5D2908006AA587 /* Services */,
				B833808B2C5D2911006AA587 /* Resources */,
				147ED4262C57B7F0008D4C04 /* PontoDesk.entitlements */,
			);
			path = PontoDesk;
			sourceTree = "<group>";
		};
		147ED42E2C57B7F0008D4C04 /* PontoDeskTests */ = {
			isa = PBXGroup;
			children = (
				147ED42F2C57B7F0008D4C04 /* PontoDeskTests.swift */,
			);
			path = PontoDeskTests;
			sourceTree = "<group>";
		};
		147ED4382C57B7F0008D4C04 /* PontoDeskUITests */ = {
			isa = PBXGroup;
			children = (
				147ED4392C57B7F0008D4C04 /* PontoDeskUITests.swift */,
				147ED43B2C57B7F0008D4C04 /* PontoDeskUITestsLaunchTests.swift */,
			);
			path = PontoDeskUITests;
			sourceTree = "<group>";
		};
		3F3EFFB02C623C60008E2945 /* SideBar */ = {
			isa = PBXGroup;
			children = (
				3F3EFFB12C6245E1008E2945 /* Components */,
				3F3EFFB22C6245F4008E2945 /* SideBar.swift */,
			);
			path = SideBar;
			sourceTree = "<group>";
		};
		3F3EFFB12C6245E1008E2945 /* Components */ = {
			isa = PBXGroup;
			children = (
				3F3EFFB82C6253C0008E2945 /* SideBarLayout.swift */,
				3F3EFFBA2C6253D9008E2945 /* SideBarManager.swift */,
				3F3EFFD02C625F70008E2945 /* SideBarButton.swift */,
			);
			path = Components;
			sourceTree = "<group>";
		};
		3F3EFFBE2C625732008E2945 /* Point */ = {
			isa = PBXGroup;
			children = (
				3F3EFFC32C625761008E2945 /* Components */,
				3F3EFFC12C62575C008E2945 /* PointView.swift */,
				213FFC1D2C6B8698003C2BD4 /* PointRegister.swift */,
			);
			path = Point;
			sourceTree = "<group>";
		};
		3F3EFFBF2C625741008E2945 /* BookTable */ = {
			isa = PBXGroup;
			children = (
				3F3EFFC62C62577B008E2945 /* Components */,
				3F3EFFC42C625771008E2945 /* BookTableView.swift */,
			);
			path = BookTable;
			sourceTree = "<group>";
		};
		3F3EFFC02C62574B008E2945 /* BookRoom */ = {
			isa = PBXGroup;
			children = (
				3F3EFFC92C625792008E2945 /* Components */,
				3F3EFFC72C62578D008E2945 /* BookRoomView.swift */,
			);
			path = BookRoom;
			sourceTree = "<group>";
		};
		3F3EFFC32C625761008E2945 /* Components */ = {
			isa = PBXGroup;
			children = (
				3F3EFFCE2C6257F9008E2945 /* NavigationDateView.swift */,
				212975C42C668EF800905CE5 /* ComponentsPointViewModel.swift */,
			);
			path = Components;
			sourceTree = "<group>";
		};
		3F3EFFC62C62577B008E2945 /* Components */ = {
			isa = PBXGroup;
			children = (
				3F3EFFCC2C6257EB008E2945 /* ComponentBookTable.swift */,
			);
			path = Components;
			sourceTree = "<group>";
		};
		3F3EFFC92C625792008E2945 /* Components */ = {
			isa = PBXGroup;
			children = (
				3F3EFFCA2C6257DB008E2945 /* ComponentBookRoom.swift */,
			);
			path = Components;
			sourceTree = "<group>";
		};
		3F3EFFD22C628803008E2945 /* Login */ = {
			isa = PBXGroup;
			children = (
				3F3EFFD32C62880B008E2945 /* Components */,
				3F3EFFD42C62884D008E2945 /* LoginView.swift */,
				3FE20C4D2C6B882800D77386 /* LoginViewModel.swift */,
			);
			path = Login;
			sourceTree = "<group>";
		};
		3F3EFFD32C62880B008E2945 /* Components */ = {
			isa = PBXGroup;
			children = (
				3F3EFFD62C62895B008E2945 /* ButtonLogin.swift */,
			);
			path = Components;
			sourceTree = "<group>";
		};
		3FDC90E42C64F4AA003889AB /* LoginWebView */ = {
			isa = PBXGroup;
			children = (
				3FDC90E72C64F4D2003889AB /* Components */,
				3FDC90E52C64F4C1003889AB /* LoginWebView.swift */,
			);
			path = LoginWebView;
			sourceTree = "<group>";
		};
		3FDC90E72C64F4D2003889AB /* Components */ = {
			isa = PBXGroup;
			children = (
			);
			path = Components;
			sourceTree = "<group>";
		};
		B83380872C5D28F0006AA587 /* App */ = {
			isa = PBXGroup;
			children = (
				147ED41D2C57B7EE008D4C04 /* PontoDeskApp.swift */,
			);
			path = App;
			sourceTree = "<group>";
		};
		B83380882C5D28F6006AA587 /* Features */ = {
			isa = PBXGroup;
			children = (
				3FDC90E42C64F4AA003889AB /* LoginWebView */,
				3F3EFFD22C628803008E2945 /* Login */,
				3F3EFFC02C62574B008E2945 /* BookRoom */,
				3F3EFFBF2C625741008E2945 /* BookTable */,
				3F3EFFBE2C625732008E2945 /* Point */,
				3F3EFFB02C623C60008E2945 /* SideBar */,
				B833808E2C5D2AC6006AA587 /* TemplateFeature */,
			);
			path = Features;
			sourceTree = "<group>";
		};
		B83380892C5D2901006AA587 /* Utils */ = {
			isa = PBXGroup;
			children = (
				B83380972C5D2D42006AA587 /* Enums */,
				B83380962C5D2D0F006AA587 /* Components */,
				B83380952C5D2D02006AA587 /* Extensions */,
				B83380942C5D2CFA006AA587 /* Protocols */,
				B83380932C5D2CF3006AA587 /* Styles */,
				B83380922C5D2CEB006AA587 /* Structs */,
			);
			path = Utils;
			sourceTree = "<group>";
		};
		B833808A2C5D2908006AA587 /* Services */ = {
			isa = PBXGroup;
			children = (
				B83380982C5D2DB7006AA587 /* .placeholder */,
			);
			path = Services;
			sourceTree = "<group>";
		};
		B833808B2C5D2911006AA587 /* Resources */ = {
			isa = PBXGroup;
			children = (
				147ED4212C57B7F0008D4C04 /* Assets.xcassets */,
				147ED4242C57B7F0008D4C04 /* Preview Assets.xcassets */,
				1427E4F52C5A5D9A00E8D2DA /* GoogleService-Info.plist */,
				14EB74A22C5919150006B201 /* Info.plist */,
			);
			path = Resources;
			sourceTree = "<group>";
		};
		B833808C2C5D291D006AA587 /* Models */ = {
			isa = PBXGroup;
			children = (
				B83380A72C5D2E74006AA587 /* .placeholder */,
			);
			path = Models;
			sourceTree = "<group>";
		};
		B833808E2C5D2AC6006AA587 /* TemplateFeature */ = {
			isa = PBXGroup;
			children = (
				147ED41F2C57B7EE008D4C04 /* ContentView.swift */,
				B833808F2C5D2ADC006AA587 /* Components */,
			);
			path = TemplateFeature;
			sourceTree = "<group>";
		};
		B833808F2C5D2ADC006AA587 /* Components */ = {
			isa = PBXGroup;
			children = (
				B83380902C5D2B72006AA587 /* TemplateComponent.swift */,
			);
			path = Components;
			sourceTree = "<group>";
		};
		B83380922C5D2CEB006AA587 /* Structs */ = {
			isa = PBXGroup;
			children = (
				3F8151412C66322300FC5072 /* GitHubURL.swift */,
				3F8151432C66323E00FC5072 /* GoogleURL.swift */,
			);
			path = Structs;
			sourceTree = "<group>";
		};
		B83380932C5D2CF3006AA587 /* Styles */ = {
			isa = PBXGroup;
			children = (
				3FF76E712C639FAC008838E6 /* ButtonLoginStyle.swift */,
			);
			path = Styles;
			sourceTree = "<group>";
		};
		B83380942C5D2CFA006AA587 /* Protocols */ = {
			isa = PBXGroup;
			children = (
				3F8151452C66413400FC5072 /* LoginPlataformProtocol.swift */,
			);
			path = Protocols;
			sourceTree = "<group>";
		};
		B83380952C5D2D02006AA587 /* Extensions */ = {
			isa = PBXGroup;
			children = (
			);
			path = Extensions;
			sourceTree = "<group>";
		};
		B83380962C5D2D0F006AA587 /* Components */ = {
			isa = PBXGroup;
			children = (
				B833809C2C5D2E14006AA587 /* .placeholder */,
			);
			path = Components;
			sourceTree = "<group>";
		};
		B83380972C5D2D42006AA587 /* Enums */ = {
			isa = PBXGroup;
			children = (
				3F3EFFBC2C625701008E2945 /* TabOptions.swift */,
			);
			path = Enums;
			sourceTree = "<group>";
		};
/* End PBXGroup section */

/* Begin PBXNativeTarget section */
		147ED4192C57B7EE008D4C04 /* PontoDesk */ = {
			isa = PBXNativeTarget;
			buildConfigurationList = 147ED43F2C57B7F0008D4C04 /* Build configuration list for PBXNativeTarget "PontoDesk" */;
			buildPhases = (
				147ED4162C57B7EE008D4C04 /* Sources */,
				147ED4172C57B7EE008D4C04 /* Frameworks */,
				147ED4182C57B7EE008D4C04 /* Resources */,
			);
			buildRules = (
			);
			dependencies = (
			);
			name = PontoDesk;
			packageProductDependencies = (
				14EB74742C5912A60006B201 /* FirebaseAuth */,
				14EB74802C5912A60006B201 /* FirebaseFirestore */,
				14EB749A2C5912A60006B201 /* FirebaseStorage */,
				3F560BE62C6B9CFF002B0846 /* JWTDecode */,
			);
			productName = PontoDesk;
			productReference = 147ED41A2C57B7EE008D4C04 /* PontoDesk.app */;
			productType = "com.apple.product-type.application";
		};
		147ED42A2C57B7F0008D4C04 /* PontoDeskTests */ = {
			isa = PBXNativeTarget;
			buildConfigurationList = 147ED4422C57B7F0008D4C04 /* Build configuration list for PBXNativeTarget "PontoDeskTests" */;
			buildPhases = (
				147ED4272C57B7F0008D4C04 /* Sources */,
				147ED4282C57B7F0008D4C04 /* Frameworks */,
				147ED4292C57B7F0008D4C04 /* Resources */,
			);
			buildRules = (
			);
			dependencies = (
				147ED42D2C57B7F0008D4C04 /* PBXTargetDependency */,
			);
			name = PontoDeskTests;
			productName = PontoDeskTests;
			productReference = 147ED42B2C57B7F0008D4C04 /* PontoDeskTests.xctest */;
			productType = "com.apple.product-type.bundle.unit-test";
		};
		147ED4342C57B7F0008D4C04 /* PontoDeskUITests */ = {
			isa = PBXNativeTarget;
			buildConfigurationList = 147ED4452C57B7F0008D4C04 /* Build configuration list for PBXNativeTarget "PontoDeskUITests" */;
			buildPhases = (
				147ED4312C57B7F0008D4C04 /* Sources */,
				147ED4322C57B7F0008D4C04 /* Frameworks */,
				147ED4332C57B7F0008D4C04 /* Resources */,
			);
			buildRules = (
			);
			dependencies = (
				147ED4372C57B7F0008D4C04 /* PBXTargetDependency */,
			);
			name = PontoDeskUITests;
			productName = PontoDeskUITests;
			productReference = 147ED4352C57B7F0008D4C04 /* PontoDeskUITests.xctest */;
			productType = "com.apple.product-type.bundle.ui-testing";
		};
/* End PBXNativeTarget section */

/* Begin PBXProject section */
		147ED4122C57B7EE008D4C04 /* Project object */ = {
			isa = PBXProject;
			attributes = {
				BuildIndependentTargetsInParallel = 1;
				LastSwiftUpdateCheck = 1540;
				LastUpgradeCheck = 1540;
				TargetAttributes = {
					147ED4192C57B7EE008D4C04 = {
						CreatedOnToolsVersion = 15.4;
					};
					147ED42A2C57B7F0008D4C04 = {
						CreatedOnToolsVersion = 15.4;
						TestTargetID = 147ED4192C57B7EE008D4C04;
					};
					147ED4342C57B7F0008D4C04 = {
						CreatedOnToolsVersion = 15.4;
						TestTargetID = 147ED4192C57B7EE008D4C04;
					};
				};
			};
			buildConfigurationList = 147ED4152C57B7EE008D4C04 /* Build configuration list for PBXProject "PontoDesk" */;
			compatibilityVersion = "Xcode 14.0";
			developmentRegion = en;
			hasScannedForEncodings = 0;
			knownRegions = (
				en,
				Base,
			);
			mainGroup = 147ED4112C57B7EE008D4C04;
			packageReferences = (
				14EB74652C5910480006B201 /* XCRemoteSwiftPackageReference "firebase-ios-sdk" */,
				3F560BE52C6B9CFF002B0846 /* XCRemoteSwiftPackageReference "JWTDecode.swift" */,
			);
			productRefGroup = 147ED41B2C57B7EE008D4C04 /* Products */;
			projectDirPath = "";
			projectRoot = "";
			targets = (
				147ED4192C57B7EE008D4C04 /* PontoDesk */,
				147ED42A2C57B7F0008D4C04 /* PontoDeskTests */,
				147ED4342C57B7F0008D4C04 /* PontoDeskUITests */,
			);
		};
/* End PBXProject section */

/* Begin PBXResourcesBuildPhase section */
		147ED4182C57B7EE008D4C04 /* Resources */ = {
			isa = PBXResourcesBuildPhase;
			buildActionMask = 2147483647;
			files = (
				147ED4252C57B7F0008D4C04 /* Preview Assets.xcassets in Resources */,
				1427E4F62C5A5D9A00E8D2DA /* GoogleService-Info.plist in Resources */,
				147ED4222C57B7F0008D4C04 /* Assets.xcassets in Resources */,
			);
			runOnlyForDeploymentPostprocessing = 0;
		};
		147ED4292C57B7F0008D4C04 /* Resources */ = {
			isa = PBXResourcesBuildPhase;
			buildActionMask = 2147483647;
			files = (
			);
			runOnlyForDeploymentPostprocessing = 0;
		};
		147ED4332C57B7F0008D4C04 /* Resources */ = {
			isa = PBXResourcesBuildPhase;
			buildActionMask = 2147483647;
			files = (
			);
			runOnlyForDeploymentPostprocessing = 0;
		};
/* End PBXResourcesBuildPhase section */

/* Begin PBXSourcesBuildPhase section */
		147ED4162C57B7EE008D4C04 /* Sources */ = {
			isa = PBXSourcesBuildPhase;
			buildActionMask = 2147483647;
			files = (
				3F3EFFC22C62575C008E2945 /* PointView.swift in Sources */,
				3FDC90E62C64F4C1003889AB /* LoginWebView.swift in Sources */,
				3FE20C4E2C6B882800D77386 /* LoginViewModel.swift in Sources */,
				3F3EFFD72C62895B008E2945 /* ButtonLogin.swift in Sources */,
				3F3EFFCD2C6257EB008E2945 /* ComponentBookTable.swift in Sources */,
				3F3EFFBB2C6253D9008E2945 /* SideBarManager.swift in Sources */,
				213FFC1E2C6B8698003C2BD4 /* PointRegister.swift in Sources */,
				3F3EFFD52C62884D008E2945 /* LoginView.swift in Sources */,
				212975C52C668EF800905CE5 /* ComponentsPointViewModel.swift in Sources */,
				147ED4202C57B7EE008D4C04 /* ContentView.swift in Sources */,
				3F3EFFC52C625771008E2945 /* BookTableView.swift in Sources */,
				B83380912C5D2B72006AA587 /* TemplateComponent.swift in Sources */,
				3F3EFFD12C625F70008E2945 /* SideBarButton.swift in Sources */,
				3F3EFFCF2C6257F9008E2945 /* NavigationDateView.swift in Sources */,
				3F3EFFC82C62578D008E2945 /* BookRoomView.swift in Sources */,
				3F3EFFBD2C625701008E2945 /* TabOptions.swift in Sources */,
				3F3EFFCB2C6257DB008E2945 /* ComponentBookRoom.swift in Sources */,
				3FF76E722C639FAC008838E6 /* ButtonLoginStyle.swift in Sources */,
				3F8151422C66322300FC5072 /* GitHubURL.swift in Sources */,
				3F3EFFB92C6253C0008E2945 /* SideBarLayout.swift in Sources */,
				3F3EFFB32C6245F4008E2945 /* SideBar.swift in Sources */,
				3F8151442C66323E00FC5072 /* GoogleURL.swift in Sources */,
				3F8151462C66413400FC5072 /* LoginPlataformProtocol.swift in Sources */,
				147ED41E2C57B7EE008D4C04 /* PontoDeskApp.swift in Sources */,
			);
			runOnlyForDeploymentPostprocessing = 0;
		};
		147ED4272C57B7F0008D4C04 /* Sources */ = {
			isa = PBXSourcesBuildPhase;
			buildActionMask = 2147483647;
			files = (
				147ED4302C57B7F0008D4C04 /* PontoDeskTests.swift in Sources */,
			);
			runOnlyForDeploymentPostprocessing = 0;
		};
		147ED4312C57B7F0008D4C04 /* Sources */ = {
			isa = PBXSourcesBuildPhase;
			buildActionMask = 2147483647;
			files = (
				147ED43C2C57B7F0008D4C04 /* PontoDeskUITestsLaunchTests.swift in Sources */,
				147ED43A2C57B7F0008D4C04 /* PontoDeskUITests.swift in Sources */,
			);
			runOnlyForDeploymentPostprocessing = 0;
		};
/* End PBXSourcesBuildPhase section */

/* Begin PBXTargetDependency section */
		147ED42D2C57B7F0008D4C04 /* PBXTargetDependency */ = {
			isa = PBXTargetDependency;
			target = 147ED4192C57B7EE008D4C04 /* PontoDesk */;
			targetProxy = 147ED42C2C57B7F0008D4C04 /* PBXContainerItemProxy */;
		};
		147ED4372C57B7F0008D4C04 /* PBXTargetDependency */ = {
			isa = PBXTargetDependency;
			target = 147ED4192C57B7EE008D4C04 /* PontoDesk */;
			targetProxy = 147ED4362C57B7F0008D4C04 /* PBXContainerItemProxy */;
		};
/* End PBXTargetDependency section */

/* Begin XCBuildConfiguration section */
		147ED43D2C57B7F0008D4C04 /* Debug */ = {
			isa = XCBuildConfiguration;
			buildSettings = {
				ALWAYS_SEARCH_USER_PATHS = NO;
				ASSETCATALOG_COMPILER_GENERATE_SWIFT_ASSET_SYMBOL_EXTENSIONS = YES;
				CLANG_ANALYZER_NONNULL = YES;
				CLANG_ANALYZER_NUMBER_OBJECT_CONVERSION = YES_AGGRESSIVE;
				CLANG_CXX_LANGUAGE_STANDARD = "gnu++20";
				CLANG_ENABLE_MODULES = YES;
				CLANG_ENABLE_OBJC_ARC = YES;
				CLANG_ENABLE_OBJC_WEAK = YES;
				CLANG_WARN_BLOCK_CAPTURE_AUTORELEASING = YES;
				CLANG_WARN_BOOL_CONVERSION = YES;
				CLANG_WARN_COMMA = YES;
				CLANG_WARN_CONSTANT_CONVERSION = YES;
				CLANG_WARN_DEPRECATED_OBJC_IMPLEMENTATIONS = YES;
				CLANG_WARN_DIRECT_OBJC_ISA_USAGE = YES_ERROR;
				CLANG_WARN_DOCUMENTATION_COMMENTS = YES;
				CLANG_WARN_EMPTY_BODY = YES;
				CLANG_WARN_ENUM_CONVERSION = YES;
				CLANG_WARN_INFINITE_RECURSION = YES;
				CLANG_WARN_INT_CONVERSION = YES;
				CLANG_WARN_NON_LITERAL_NULL_CONVERSION = YES;
				CLANG_WARN_OBJC_IMPLICIT_RETAIN_SELF = YES;
				CLANG_WARN_OBJC_LITERAL_CONVERSION = YES;
				CLANG_WARN_OBJC_ROOT_CLASS = YES_ERROR;
				CLANG_WARN_QUOTED_INCLUDE_IN_FRAMEWORK_HEADER = YES;
				CLANG_WARN_RANGE_LOOP_ANALYSIS = YES;
				CLANG_WARN_STRICT_PROTOTYPES = YES;
				CLANG_WARN_SUSPICIOUS_MOVE = YES;
				CLANG_WARN_UNGUARDED_AVAILABILITY = YES_AGGRESSIVE;
				CLANG_WARN_UNREACHABLE_CODE = YES;
				CLANG_WARN__DUPLICATE_METHOD_MATCH = YES;
				COPY_PHASE_STRIP = NO;
				DEBUG_INFORMATION_FORMAT = dwarf;
				ENABLE_STRICT_OBJC_MSGSEND = YES;
				ENABLE_TESTABILITY = YES;
				ENABLE_USER_SCRIPT_SANDBOXING = YES;
				GCC_C_LANGUAGE_STANDARD = gnu17;
				GCC_DYNAMIC_NO_PIC = NO;
				GCC_NO_COMMON_BLOCKS = YES;
				GCC_OPTIMIZATION_LEVEL = 0;
				GCC_PREPROCESSOR_DEFINITIONS = (
					"DEBUG=1",
					"$(inherited)",
				);
				GCC_WARN_64_TO_32_BIT_CONVERSION = YES;
				GCC_WARN_ABOUT_RETURN_TYPE = YES_ERROR;
				GCC_WARN_UNDECLARED_SELECTOR = YES;
				GCC_WARN_UNINITIALIZED_AUTOS = YES_AGGRESSIVE;
				GCC_WARN_UNUSED_FUNCTION = YES;
				GCC_WARN_UNUSED_VARIABLE = YES;
				LOCALIZATION_PREFERS_STRING_CATALOGS = YES;
				MACOSX_DEPLOYMENT_TARGET = 14.5;
				MTL_ENABLE_DEBUG_INFO = INCLUDE_SOURCE;
				MTL_FAST_MATH = YES;
				ONLY_ACTIVE_ARCH = YES;
				SDKROOT = macosx;
				SWIFT_ACTIVE_COMPILATION_CONDITIONS = "DEBUG $(inherited)";
				SWIFT_OPTIMIZATION_LEVEL = "-Onone";
			};
			name = Debug;
		};
		147ED43E2C57B7F0008D4C04 /* Release */ = {
			isa = XCBuildConfiguration;
			buildSettings = {
				ALWAYS_SEARCH_USER_PATHS = NO;
				ASSETCATALOG_COMPILER_GENERATE_SWIFT_ASSET_SYMBOL_EXTENSIONS = YES;
				CLANG_ANALYZER_NONNULL = YES;
				CLANG_ANALYZER_NUMBER_OBJECT_CONVERSION = YES_AGGRESSIVE;
				CLANG_CXX_LANGUAGE_STANDARD = "gnu++20";
				CLANG_ENABLE_MODULES = YES;
				CLANG_ENABLE_OBJC_ARC = YES;
				CLANG_ENABLE_OBJC_WEAK = YES;
				CLANG_WARN_BLOCK_CAPTURE_AUTORELEASING = YES;
				CLANG_WARN_BOOL_CONVERSION = YES;
				CLANG_WARN_COMMA = YES;
				CLANG_WARN_CONSTANT_CONVERSION = YES;
				CLANG_WARN_DEPRECATED_OBJC_IMPLEMENTATIONS = YES;
				CLANG_WARN_DIRECT_OBJC_ISA_USAGE = YES_ERROR;
				CLANG_WARN_DOCUMENTATION_COMMENTS = YES;
				CLANG_WARN_EMPTY_BODY = YES;
				CLANG_WARN_ENUM_CONVERSION = YES;
				CLANG_WARN_INFINITE_RECURSION = YES;
				CLANG_WARN_INT_CONVERSION = YES;
				CLANG_WARN_NON_LITERAL_NULL_CONVERSION = YES;
				CLANG_WARN_OBJC_IMPLICIT_RETAIN_SELF = YES;
				CLANG_WARN_OBJC_LITERAL_CONVERSION = YES;
				CLANG_WARN_OBJC_ROOT_CLASS = YES_ERROR;
				CLANG_WARN_QUOTED_INCLUDE_IN_FRAMEWORK_HEADER = YES;
				CLANG_WARN_RANGE_LOOP_ANALYSIS = YES;
				CLANG_WARN_STRICT_PROTOTYPES = YES;
				CLANG_WARN_SUSPICIOUS_MOVE = YES;
				CLANG_WARN_UNGUARDED_AVAILABILITY = YES_AGGRESSIVE;
				CLANG_WARN_UNREACHABLE_CODE = YES;
				CLANG_WARN__DUPLICATE_METHOD_MATCH = YES;
				COPY_PHASE_STRIP = NO;
				DEBUG_INFORMATION_FORMAT = "dwarf-with-dsym";
				ENABLE_NS_ASSERTIONS = NO;
				ENABLE_STRICT_OBJC_MSGSEND = YES;
				ENABLE_USER_SCRIPT_SANDBOXING = YES;
				GCC_C_LANGUAGE_STANDARD = gnu17;
				GCC_NO_COMMON_BLOCKS = YES;
				GCC_WARN_64_TO_32_BIT_CONVERSION = YES;
				GCC_WARN_ABOUT_RETURN_TYPE = YES_ERROR;
				GCC_WARN_UNDECLARED_SELECTOR = YES;
				GCC_WARN_UNINITIALIZED_AUTOS = YES_AGGRESSIVE;
				GCC_WARN_UNUSED_FUNCTION = YES;
				GCC_WARN_UNUSED_VARIABLE = YES;
				LOCALIZATION_PREFERS_STRING_CATALOGS = YES;
				MACOSX_DEPLOYMENT_TARGET = 14.5;
				MTL_ENABLE_DEBUG_INFO = NO;
				MTL_FAST_MATH = YES;
				SDKROOT = macosx;
				SWIFT_COMPILATION_MODE = wholemodule;
			};
			name = Release;
		};
		147ED4402C57B7F0008D4C04 /* Debug */ = {
			isa = XCBuildConfiguration;
			buildSettings = {
				ASSETCATALOG_COMPILER_APPICON_NAME = AppIcon;
				ASSETCATALOG_COMPILER_GLOBAL_ACCENT_COLOR_NAME = AccentColor;
				CODE_SIGN_ENTITLEMENTS = PontoDesk/PontoDesk.entitlements;
				"CODE_SIGN_IDENTITY[sdk=macosx*]" = "Apple Development";
				CODE_SIGN_STYLE = Automatic;
				COMBINE_HIDPI_IMAGES = YES;
				CURRENT_PROJECT_VERSION = 1;
				DEVELOPMENT_ASSET_PATHS = "\"PontoDesk/Resources\"";
				DEVELOPMENT_TEAM = D499HFTXDJ;
				ENABLE_HARDENED_RUNTIME = YES;
				ENABLE_PREVIEWS = YES;
				GENERATE_INFOPLIST_FILE = YES;
				INFOPLIST_FILE = PontoDesk/Info.plist;
				INFOPLIST_KEY_LSApplicationCategoryType = "";
				INFOPLIST_KEY_NSHumanReadableCopyright = "";
				LD_RUNPATH_SEARCH_PATHS = (
					"$(inherited)",
					"@executable_path/../Frameworks",
				);
				MARKETING_VERSION = 1.0;
				PRODUCT_BUNDLE_IDENTIFIER = YasminCarloto.PontoDesk;
				PRODUCT_NAME = "$(TARGET_NAME)";
				SWIFT_EMIT_LOC_STRINGS = YES;
				SWIFT_VERSION = 5.0;
			};
			name = Debug;
		};
		147ED4412C57B7F0008D4C04 /* Release */ = {
			isa = XCBuildConfiguration;
			buildSettings = {
				ASSETCATALOG_COMPILER_APPICON_NAME = AppIcon;
				ASSETCATALOG_COMPILER_GLOBAL_ACCENT_COLOR_NAME = AccentColor;
				CODE_SIGN_ENTITLEMENTS = PontoDesk/PontoDesk.entitlements;
				"CODE_SIGN_IDENTITY[sdk=macosx*]" = "Apple Development";
				CODE_SIGN_STYLE = Automatic;
				COMBINE_HIDPI_IMAGES = YES;
				CURRENT_PROJECT_VERSION = 1;
				DEVELOPMENT_ASSET_PATHS = "\"PontoDesk/Resources\"";
				DEVELOPMENT_TEAM = D499HFTXDJ;
				ENABLE_HARDENED_RUNTIME = YES;
				ENABLE_PREVIEWS = YES;
				GENERATE_INFOPLIST_FILE = YES;
				INFOPLIST_FILE = PontoDesk/Info.plist;
				INFOPLIST_KEY_LSApplicationCategoryType = "";
				INFOPLIST_KEY_NSHumanReadableCopyright = "";
				LD_RUNPATH_SEARCH_PATHS = (
					"$(inherited)",
					"@executable_path/../Frameworks",
				);
				MARKETING_VERSION = 1.0;
				PRODUCT_BUNDLE_IDENTIFIER = YasminCarloto.PontoDesk;
				PRODUCT_NAME = "$(TARGET_NAME)";
				SWIFT_EMIT_LOC_STRINGS = YES;
				SWIFT_VERSION = 5.0;
			};
			name = Release;
		};
		147ED4432C57B7F0008D4C04 /* Debug */ = {
			isa = XCBuildConfiguration;
			buildSettings = {
				ALWAYS_EMBED_SWIFT_STANDARD_LIBRARIES = YES;
				BUNDLE_LOADER = "$(TEST_HOST)";
				CODE_SIGN_STYLE = Automatic;
				CURRENT_PROJECT_VERSION = 1;
				DEVELOPMENT_TEAM = D499HFTXDJ;
				GENERATE_INFOPLIST_FILE = YES;
				MACOSX_DEPLOYMENT_TARGET = 14.5;
				MARKETING_VERSION = 1.0;
				PRODUCT_BUNDLE_IDENTIFIER = YasminCarloto.PontoDeskTests;
				PRODUCT_NAME = "$(TARGET_NAME)";
				SWIFT_EMIT_LOC_STRINGS = NO;
				SWIFT_VERSION = 5.0;
				TEST_HOST = "$(BUILT_PRODUCTS_DIR)/PontoDesk.app/$(BUNDLE_EXECUTABLE_FOLDER_PATH)/PontoDesk";
			};
			name = Debug;
		};
		147ED4442C57B7F0008D4C04 /* Release */ = {
			isa = XCBuildConfiguration;
			buildSettings = {
				ALWAYS_EMBED_SWIFT_STANDARD_LIBRARIES = YES;
				BUNDLE_LOADER = "$(TEST_HOST)";
				CODE_SIGN_STYLE = Automatic;
				CURRENT_PROJECT_VERSION = 1;
				DEVELOPMENT_TEAM = D499HFTXDJ;
				GENERATE_INFOPLIST_FILE = YES;
				MACOSX_DEPLOYMENT_TARGET = 14.5;
				MARKETING_VERSION = 1.0;
				PRODUCT_BUNDLE_IDENTIFIER = YasminCarloto.PontoDeskTests;
				PRODUCT_NAME = "$(TARGET_NAME)";
				SWIFT_EMIT_LOC_STRINGS = NO;
				SWIFT_VERSION = 5.0;
				TEST_HOST = "$(BUILT_PRODUCTS_DIR)/PontoDesk.app/$(BUNDLE_EXECUTABLE_FOLDER_PATH)/PontoDesk";
			};
			name = Release;
		};
		147ED4462C57B7F0008D4C04 /* Debug */ = {
			isa = XCBuildConfiguration;
			buildSettings = {
				ALWAYS_EMBED_SWIFT_STANDARD_LIBRARIES = YES;
				CODE_SIGN_STYLE = Automatic;
				CURRENT_PROJECT_VERSION = 1;
				DEVELOPMENT_TEAM = D499HFTXDJ;
				GENERATE_INFOPLIST_FILE = YES;
				MARKETING_VERSION = 1.0;
				PRODUCT_BUNDLE_IDENTIFIER = YasminCarloto.PontoDeskUITests;
				PRODUCT_NAME = "$(TARGET_NAME)";
				SWIFT_EMIT_LOC_STRINGS = NO;
				SWIFT_VERSION = 5.0;
				TEST_TARGET_NAME = PontoDesk;
			};
			name = Debug;
		};
		147ED4472C57B7F0008D4C04 /* Release */ = {
			isa = XCBuildConfiguration;
			buildSettings = {
				ALWAYS_EMBED_SWIFT_STANDARD_LIBRARIES = YES;
				CODE_SIGN_STYLE = Automatic;
				CURRENT_PROJECT_VERSION = 1;
				DEVELOPMENT_TEAM = D499HFTXDJ;
				GENERATE_INFOPLIST_FILE = YES;
				MARKETING_VERSION = 1.0;
				PRODUCT_BUNDLE_IDENTIFIER = YasminCarloto.PontoDeskUITests;
				PRODUCT_NAME = "$(TARGET_NAME)";
				SWIFT_EMIT_LOC_STRINGS = NO;
				SWIFT_VERSION = 5.0;
				TEST_TARGET_NAME = PontoDesk;
			};
			name = Release;
		};
/* End XCBuildConfiguration section */

/* Begin XCConfigurationList section */
		147ED4152C57B7EE008D4C04 /* Build configuration list for PBXProject "PontoDesk" */ = {
			isa = XCConfigurationList;
			buildConfigurations = (
				147ED43D2C57B7F0008D4C04 /* Debug */,
				147ED43E2C57B7F0008D4C04 /* Release */,
			);
			defaultConfigurationIsVisible = 0;
			defaultConfigurationName = Release;
		};
		147ED43F2C57B7F0008D4C04 /* Build configuration list for PBXNativeTarget "PontoDesk" */ = {
			isa = XCConfigurationList;
			buildConfigurations = (
				147ED4402C57B7F0008D4C04 /* Debug */,
				147ED4412C57B7F0008D4C04 /* Release */,
			);
			defaultConfigurationIsVisible = 0;
			defaultConfigurationName = Release;
		};
		147ED4422C57B7F0008D4C04 /* Build configuration list for PBXNativeTarget "PontoDeskTests" */ = {
			isa = XCConfigurationList;
			buildConfigurations = (
				147ED4432C57B7F0008D4C04 /* Debug */,
				147ED4442C57B7F0008D4C04 /* Release */,
			);
			defaultConfigurationIsVisible = 0;
			defaultConfigurationName = Release;
		};
		147ED4452C57B7F0008D4C04 /* Build configuration list for PBXNativeTarget "PontoDeskUITests" */ = {
			isa = XCConfigurationList;
			buildConfigurations = (
				147ED4462C57B7F0008D4C04 /* Debug */,
				147ED4472C57B7F0008D4C04 /* Release */,
			);
			defaultConfigurationIsVisible = 0;
			defaultConfigurationName = Release;
		};
/* End XCConfigurationList section */

/* Begin XCRemoteSwiftPackageReference section */
		14EB74652C5910480006B201 /* XCRemoteSwiftPackageReference "firebase-ios-sdk" */ = {
			isa = XCRemoteSwiftPackageReference;
			repositoryURL = "https://github.com/firebase/firebase-ios-sdk.git";
			requirement = {
				kind = upToNextMajorVersion;
				minimumVersion = 10.29.0;
			};
		};
		3F560BE52C6B9CFF002B0846 /* XCRemoteSwiftPackageReference "JWTDecode.swift" */ = {
			isa = XCRemoteSwiftPackageReference;
			repositoryURL = "https://github.com/auth0/JWTDecode.swift.git";
			requirement = {
				kind = upToNextMajorVersion;
				minimumVersion = 3.1.0;
			};
		};
/* End XCRemoteSwiftPackageReference section */

/* Begin XCSwiftPackageProductDependency section */
		14EB74742C5912A60006B201 /* FirebaseAuth */ = {
			isa = XCSwiftPackageProductDependency;
			package = 14EB74652C5910480006B201 /* XCRemoteSwiftPackageReference "firebase-ios-sdk" */;
			productName = FirebaseAuth;
		};
		14EB74802C5912A60006B201 /* FirebaseFirestore */ = {
			isa = XCSwiftPackageProductDependency;
			package = 14EB74652C5910480006B201 /* XCRemoteSwiftPackageReference "firebase-ios-sdk" */;
			productName = FirebaseFirestore;
		};
		14EB749A2C5912A60006B201 /* FirebaseStorage */ = {
			isa = XCSwiftPackageProductDependency;
			package = 14EB74652C5910480006B201 /* XCRemoteSwiftPackageReference "firebase-ios-sdk" */;
			productName = FirebaseStorage;
		};
		3F560BE62C6B9CFF002B0846 /* JWTDecode */ = {
			isa = XCSwiftPackageProductDependency;
			package = 3F560BE52C6B9CFF002B0846 /* XCRemoteSwiftPackageReference "JWTDecode.swift" */;
			productName = JWTDecode;
		};
/* End XCSwiftPackageProductDependency section */
	};
	rootObject = 147ED4122C57B7EE008D4C04 /* Project object */;
}
